
Microsoft Visual Studio Solution File, Format Version 12.00
# Visual Studio Version 16
VisualStudioVersion = 16.0.30804.86
MinimumVisualStudioVersion = 10.0.40219.1
Project("{8BC9CEB8-8B4A-11D0-8D11-00A0C91BC942}") = "M2TWEOP library", "M2TWEOP library\M2TWEOP library.vcxproj", "{A2353BF6-5423-46E0-91EB-608BB5ACBFF8}"
EndProject
Project("{8BC9CEB8-8B4A-11D0-8D11-00A0C91BC942}") = "d3d9", "d3d9\d3d9.vcxproj", "{86A4EA9B-4B06-4EEE-ABC5-3B3F8B848E8C}"
EndProject
Project("{8BC9CEB8-8B4A-11D0-8D11-00A0C91BC942}") = "M2TWEOP GUI", "M2TWEOP GUI\M2TWEOP GUI.vcxproj", "{D5F3609B-70D1-4DC8-A37B-C9BF490C5E4B}"
EndProject
Project("{2150E333-8FDC-42A3-9474-1A3956D46DE8}") = "Solution Items", "Solution Items", "{959451BC-E1A8-4EF5-A283-B8275EC92295}"
	ProjectSection(SolutionItems) = preProject
		README.md = README.md
	EndProjectSection
EndProject
Global
	GlobalSection(SolutionConfigurationPlatforms) = preSolution
		Debug|x64 = Debug|x64
		Debug|x86 = Debug|x86
		Release|x64 = Release|x64
		Release|x86 = Release|x86
	EndGlobalSection
	GlobalSection(ProjectConfigurationPlatforms) = postSolution
		{A2353BF6-5423-46E0-91EB-608BB5ACBFF8}.Debug|x64.ActiveCfg = Debug|x64
		{A2353BF6-5423-46E0-91EB-608BB5ACBFF8}.Debug|x64.Build.0 = Debug|x64
		{A2353BF6-5423-46E0-91EB-608BB5ACBFF8}.Debug|x86.ActiveCfg = Debug|Win32
		{A2353BF6-5423-46E0-91EB-608BB5ACBFF8}.Debug|x86.Build.0 = Debug|Win32
		{A2353BF6-5423-46E0-91EB-608BB5ACBFF8}.Release|x64.ActiveCfg = Release|x64
		{A2353BF6-5423-46E0-91EB-608BB5ACBFF8}.Release|x64.Build.0 = Release|x64
		{A2353BF6-5423-46E0-91EB-608BB5ACBFF8}.Release|x86.ActiveCfg = Release|Win32
		{A2353BF6-5423-46E0-91EB-608BB5ACBFF8}.Release|x86.Build.0 = Release|Win32
		{86A4EA9B-4B06-4EEE-ABC5-3B3F8B848E8C}.Debug|x64.ActiveCfg = Debug|Win32
		{86A4EA9B-4B06-4EEE-ABC5-3B3F8B848E8C}.Debug|x86.ActiveCfg = Debug|Win32
		{86A4EA9B-4B06-4EEE-ABC5-3B3F8B848E8C}.Debug|x86.Build.0 = Debug|Win32
		{86A4EA9B-4B06-4EEE-ABC5-3B3F8B848E8C}.Release|x64.ActiveCfg = Release|Win32
		{86A4EA9B-4B06-4EEE-ABC5-3B3F8B848E8C}.Release|x86.ActiveCfg = Release|Win32
		{86A4EA9B-4B06-4EEE-ABC5-3B3F8B848E8C}.Release|x86.Build.0 = Release|Win32
		{D5F3609B-70D1-4DC8-A37B-C9BF490C5E4B}.Debug|x64.ActiveCfg = Debug|x64
		{D5F3609B-70D1-4DC8-A37B-C9BF490C5E4B}.Debug|x64.Build.0 = Debug|x64
		{D5F3609B-70D1-4DC8-A37B-C9BF490C5E4B}.Debug|x86.ActiveCfg = Debug|Win32
		{D5F3609B-70D1-4DC8-A37B-C9BF490C5E4B}.Debug|x86.Build.0 = Debug|Win32
		{D5F3609B-70D1-4DC8-A37B-C9BF490C5E4B}.Release|x64.ActiveCfg = Release|x64
		{D5F3609B-70D1-4DC8-A37B-C9BF490C5E4B}.Release|x64.Build.0 = Release|x64
		{D5F3609B-70D1-4DC8-A37B-C9BF490C5E4B}.Release|x86.ActiveCfg = Release|Win32
		{D5F3609B-70D1-4DC8-A37B-C9BF490C5E4B}.Release|x86.Build.0 = Release|Win32
	EndGlobalSection
	GlobalSection(SolutionProperties) = preSolution
		HideSolutionNode = FALSE
	EndGlobalSection
	GlobalSection(ExtensibilityGlobals) = postSolution
		SolutionGuid = {5CEA94E8-BFB2-4DAC-95B1-E9D8B9872E34}
	EndGlobalSection
EndGlobal
