
Microsoft Visual Studio Solution File, Format Version 12.00
# Visual Studio Version 17
VisualStudioVersion = 17.5.33516.290
MinimumVisualStudioVersion = 10.0.40219.1
Project("{8BC9CEB8-8B4A-11D0-8D11-00A0C91BC942}") = "M2TWEOP library", "M2TWEOP library\M2TWEOP library.vcxproj", "{A2353BF6-5423-46E0-91EB-608BB5ACBFF8}"
EndProject
Project("{8BC9CEB8-8B4A-11D0-8D11-00A0C91BC942}") = "d3d9", "d3d9\d3d9.vcxproj", "{86A4EA9B-4B06-4EEE-ABC5-3B3F8B848E8C}"
EndProject
Project("{8BC9CEB8-8B4A-11D0-8D11-00A0C91BC942}") = "M2TWEOP GUI", "M2TWEOP GUI\M2TWEOP GUI.vcxproj", "{D5F3609B-70D1-4DC8-A37B-C9BF490C5E4B}"
EndProject
Project("{2150E333-8FDC-42A3-9474-1A3956D46DE8}") = "Solution Items", "Solution Items", "{959451BC-E1A8-4EF5-A283-B8275EC92295}"
	ProjectSection(SolutionItems) = preProject
		README.md = README.md
	EndProjectSection
EndProject
Project("{8BC9CEB8-8B4A-11D0-8D11-00A0C91BC942}") = "M2TWEOP tools", "M2TWEOP tools\M2TWEOP tools.vcxproj", "{59A7A389-F95B-4EBE-AA8B-8EF9F27044C5}"
EndProject
Project("{8BC9CEB8-8B4A-11D0-8D11-00A0C91BC942}") = "M2TWEOP STRAT AI", "M2TWEOP STRAT AI\M2TWEOP STRAT AI.vcxproj", "{E1010854-17BD-487A-9041-5792FDE581E8}"
EndProject
Project("{9A19103F-16F7-4668-BE54-9A1E7A4F7556}") = "M2TWEOPServer", "M2TWEOP Server\M2TWEOPServer.csproj", "{17EC7DC9-600F-44D0-86BF-91513E3DE8CA}"
	ProjectSection(ProjectDependencies) = postProject
		{210356C8-4670-45E2-97F1-2975FBE7CCBC} = {210356C8-4670-45E2-97F1-2975FBE7CCBC}
	EndProjectSection
EndProject
Project("{2150E333-8FDC-42A3-9474-1A3956D46DE8}") = "Server", "Server", "{68D6769A-ABDA-44F3-804C-658C453251E5}"
EndProject
Project("{9A19103F-16F7-4668-BE54-9A1E7A4F7556}") = "DB", "Server\DB\DB.csproj", "{210356C8-4670-45E2-97F1-2975FBE7CCBC}"
EndProject
Project("{FAE04EC0-301F-11D3-BF4B-00C04F79EFBC}") = "EServer", "Server\EServer\EServer.csproj", "{09F765D0-D9C4-4EBB-A1F5-1E2FE33A2BE7}"
EndProject
Global
	GlobalSection(SolutionConfigurationPlatforms) = preSolution
		Debug|Any CPU = Debug|Any CPU
		Debug|x64 = Debug|x64
		Debug|x86 = Debug|x86
		Release|Any CPU = Release|Any CPU
		Release|x64 = Release|x64
		Release|x86 = Release|x86
	EndGlobalSection
	GlobalSection(ProjectConfigurationPlatforms) = postSolution
		{A2353BF6-5423-46E0-91EB-608BB5ACBFF8}.Debug|Any CPU.ActiveCfg = Debug|x64
		{A2353BF6-5423-46E0-91EB-608BB5ACBFF8}.Debug|Any CPU.Build.0 = Debug|x64
		{A2353BF6-5423-46E0-91EB-608BB5ACBFF8}.Debug|x64.ActiveCfg = Debug|x64
		{A2353BF6-5423-46E0-91EB-608BB5ACBFF8}.Debug|x64.Build.0 = Debug|x64
		{A2353BF6-5423-46E0-91EB-608BB5ACBFF8}.Debug|x86.ActiveCfg = Debug|Win32
		{A2353BF6-5423-46E0-91EB-608BB5ACBFF8}.Debug|x86.Build.0 = Debug|Win32
		{A2353BF6-5423-46E0-91EB-608BB5ACBFF8}.Release|Any CPU.ActiveCfg = Release|x64
		{A2353BF6-5423-46E0-91EB-608BB5ACBFF8}.Release|Any CPU.Build.0 = Release|x64
		{A2353BF6-5423-46E0-91EB-608BB5ACBFF8}.Release|x64.ActiveCfg = Release|x64
		{A2353BF6-5423-46E0-91EB-608BB5ACBFF8}.Release|x64.Build.0 = Release|x64
		{A2353BF6-5423-46E0-91EB-608BB5ACBFF8}.Release|x86.ActiveCfg = Release|Win32
		{A2353BF6-5423-46E0-91EB-608BB5ACBFF8}.Release|x86.Build.0 = Release|Win32
		{86A4EA9B-4B06-4EEE-ABC5-3B3F8B848E8C}.Debug|Any CPU.ActiveCfg = Debug|Win32
		{86A4EA9B-4B06-4EEE-ABC5-3B3F8B848E8C}.Debug|Any CPU.Build.0 = Debug|Win32
		{86A4EA9B-4B06-4EEE-ABC5-3B3F8B848E8C}.Debug|x64.ActiveCfg = Debug|Win32
		{86A4EA9B-4B06-4EEE-ABC5-3B3F8B848E8C}.Debug|x86.ActiveCfg = Debug|Win32
		{86A4EA9B-4B06-4EEE-ABC5-3B3F8B848E8C}.Debug|x86.Build.0 = Debug|Win32
		{86A4EA9B-4B06-4EEE-ABC5-3B3F8B848E8C}.Release|Any CPU.ActiveCfg = Release|Win32
		{86A4EA9B-4B06-4EEE-ABC5-3B3F8B848E8C}.Release|Any CPU.Build.0 = Release|Win32
		{86A4EA9B-4B06-4EEE-ABC5-3B3F8B848E8C}.Release|x64.ActiveCfg = Release|Win32
		{86A4EA9B-4B06-4EEE-ABC5-3B3F8B848E8C}.Release|x86.ActiveCfg = Release|Win32
		{86A4EA9B-4B06-4EEE-ABC5-3B3F8B848E8C}.Release|x86.Build.0 = Release|Win32
		{D5F3609B-70D1-4DC8-A37B-C9BF490C5E4B}.Debug|Any CPU.ActiveCfg = Debug|x64
		{D5F3609B-70D1-4DC8-A37B-C9BF490C5E4B}.Debug|Any CPU.Build.0 = Debug|x64
		{D5F3609B-70D1-4DC8-A37B-C9BF490C5E4B}.Debug|x64.ActiveCfg = Debug|x64
		{D5F3609B-70D1-4DC8-A37B-C9BF490C5E4B}.Debug|x64.Build.0 = Debug|x64
		{D5F3609B-70D1-4DC8-A37B-C9BF490C5E4B}.Debug|x86.ActiveCfg = Debug|Win32
		{D5F3609B-70D1-4DC8-A37B-C9BF490C5E4B}.Debug|x86.Build.0 = Debug|Win32
		{D5F3609B-70D1-4DC8-A37B-C9BF490C5E4B}.Release|Any CPU.ActiveCfg = Release|x64
		{D5F3609B-70D1-4DC8-A37B-C9BF490C5E4B}.Release|Any CPU.Build.0 = Release|x64
		{D5F3609B-70D1-4DC8-A37B-C9BF490C5E4B}.Release|x64.ActiveCfg = Release|x64
		{D5F3609B-70D1-4DC8-A37B-C9BF490C5E4B}.Release|x64.Build.0 = Release|x64
		{D5F3609B-70D1-4DC8-A37B-C9BF490C5E4B}.Release|x86.ActiveCfg = Release|Win32
		{D5F3609B-70D1-4DC8-A37B-C9BF490C5E4B}.Release|x86.Build.0 = Release|Win32
		{59A7A389-F95B-4EBE-AA8B-8EF9F27044C5}.Debug|Any CPU.ActiveCfg = Debug|x64
		{59A7A389-F95B-4EBE-AA8B-8EF9F27044C5}.Debug|Any CPU.Build.0 = Debug|x64
		{59A7A389-F95B-4EBE-AA8B-8EF9F27044C5}.Debug|x64.ActiveCfg = Debug|x64
		{59A7A389-F95B-4EBE-AA8B-8EF9F27044C5}.Debug|x64.Build.0 = Debug|x64
		{59A7A389-F95B-4EBE-AA8B-8EF9F27044C5}.Debug|x86.ActiveCfg = Debug|Win32
		{59A7A389-F95B-4EBE-AA8B-8EF9F27044C5}.Debug|x86.Build.0 = Debug|Win32
		{59A7A389-F95B-4EBE-AA8B-8EF9F27044C5}.Release|Any CPU.ActiveCfg = Release|x64
		{59A7A389-F95B-4EBE-AA8B-8EF9F27044C5}.Release|Any CPU.Build.0 = Release|x64
		{59A7A389-F95B-4EBE-AA8B-8EF9F27044C5}.Release|x64.ActiveCfg = Release|x64
		{59A7A389-F95B-4EBE-AA8B-8EF9F27044C5}.Release|x64.Build.0 = Release|x64
		{59A7A389-F95B-4EBE-AA8B-8EF9F27044C5}.Release|x86.ActiveCfg = Release|Win32
		{59A7A389-F95B-4EBE-AA8B-8EF9F27044C5}.Release|x86.Build.0 = Release|Win32
		{E1010854-17BD-487A-9041-5792FDE581E8}.Debug|Any CPU.ActiveCfg = Debug|x64
		{E1010854-17BD-487A-9041-5792FDE581E8}.Debug|Any CPU.Build.0 = Debug|x64
		{E1010854-17BD-487A-9041-5792FDE581E8}.Debug|x64.ActiveCfg = Debug|x64
		{E1010854-17BD-487A-9041-5792FDE581E8}.Debug|x64.Build.0 = Debug|x64
		{E1010854-17BD-487A-9041-5792FDE581E8}.Debug|x86.ActiveCfg = Debug|Win32
		{E1010854-17BD-487A-9041-5792FDE581E8}.Debug|x86.Build.0 = Debug|Win32
		{E1010854-17BD-487A-9041-5792FDE581E8}.Release|Any CPU.ActiveCfg = Release|x64
		{E1010854-17BD-487A-9041-5792FDE581E8}.Release|Any CPU.Build.0 = Release|x64
		{E1010854-17BD-487A-9041-5792FDE581E8}.Release|x64.ActiveCfg = Release|x64
		{E1010854-17BD-487A-9041-5792FDE581E8}.Release|x64.Build.0 = Release|x64
		{E1010854-17BD-487A-9041-5792FDE581E8}.Release|x86.ActiveCfg = Release|Win32
		{E1010854-17BD-487A-9041-5792FDE581E8}.Release|x86.Build.0 = Release|Win32
		{17EC7DC9-600F-44D0-86BF-91513E3DE8CA}.Debug|Any CPU.ActiveCfg = Debug|Any CPU
		{17EC7DC9-600F-44D0-86BF-91513E3DE8CA}.Debug|Any CPU.Build.0 = Debug|Any CPU
		{17EC7DC9-600F-44D0-86BF-91513E3DE8CA}.Debug|x64.ActiveCfg = Debug|Any CPU
		{17EC7DC9-600F-44D0-86BF-91513E3DE8CA}.Debug|x64.Build.0 = Debug|Any CPU
		{17EC7DC9-600F-44D0-86BF-91513E3DE8CA}.Debug|x86.ActiveCfg = Debug|Any CPU
		{17EC7DC9-600F-44D0-86BF-91513E3DE8CA}.Debug|x86.Build.0 = Debug|Any CPU
		{17EC7DC9-600F-44D0-86BF-91513E3DE8CA}.Release|Any CPU.ActiveCfg = Release|Any CPU
		{17EC7DC9-600F-44D0-86BF-91513E3DE8CA}.Release|Any CPU.Build.0 = Release|Any CPU
		{17EC7DC9-600F-44D0-86BF-91513E3DE8CA}.Release|x64.ActiveCfg = Release|Any CPU
		{17EC7DC9-600F-44D0-86BF-91513E3DE8CA}.Release|x64.Build.0 = Release|Any CPU
		{17EC7DC9-600F-44D0-86BF-91513E3DE8CA}.Release|x86.ActiveCfg = Release|Any CPU
		{17EC7DC9-600F-44D0-86BF-91513E3DE8CA}.Release|x86.Build.0 = Release|Any CPU
		{210356C8-4670-45E2-97F1-2975FBE7CCBC}.Debug|Any CPU.ActiveCfg = Debug|Any CPU
		{210356C8-4670-45E2-97F1-2975FBE7CCBC}.Debug|Any CPU.Build.0 = Debug|Any CPU
		{210356C8-4670-45E2-97F1-2975FBE7CCBC}.Debug|x64.ActiveCfg = Debug|Any CPU
		{210356C8-4670-45E2-97F1-2975FBE7CCBC}.Debug|x64.Build.0 = Debug|Any CPU
		{210356C8-4670-45E2-97F1-2975FBE7CCBC}.Debug|x86.ActiveCfg = Debug|Any CPU
		{210356C8-4670-45E2-97F1-2975FBE7CCBC}.Debug|x86.Build.0 = Debug|Any CPU
		{210356C8-4670-45E2-97F1-2975FBE7CCBC}.Release|Any CPU.ActiveCfg = Release|Any CPU
		{210356C8-4670-45E2-97F1-2975FBE7CCBC}.Release|Any CPU.Build.0 = Release|Any CPU
		{210356C8-4670-45E2-97F1-2975FBE7CCBC}.Release|x64.ActiveCfg = Release|Any CPU
		{210356C8-4670-45E2-97F1-2975FBE7CCBC}.Release|x64.Build.0 = Release|Any CPU
		{210356C8-4670-45E2-97F1-2975FBE7CCBC}.Release|x86.ActiveCfg = Release|Any CPU
		{210356C8-4670-45E2-97F1-2975FBE7CCBC}.Release|x86.Build.0 = Release|Any CPU
		{09F765D0-D9C4-4EBB-A1F5-1E2FE33A2BE7}.Debug|Any CPU.ActiveCfg = Debug|Any CPU
		{09F765D0-D9C4-4EBB-A1F5-1E2FE33A2BE7}.Debug|Any CPU.Build.0 = Debug|Any CPU
		{09F765D0-D9C4-4EBB-A1F5-1E2FE33A2BE7}.Debug|x64.ActiveCfg = Debug|Any CPU
		{09F765D0-D9C4-4EBB-A1F5-1E2FE33A2BE7}.Debug|x64.Build.0 = Debug|Any CPU
		{09F765D0-D9C4-4EBB-A1F5-1E2FE33A2BE7}.Debug|x86.ActiveCfg = Debug|Any CPU
		{09F765D0-D9C4-4EBB-A1F5-1E2FE33A2BE7}.Debug|x86.Build.0 = Debug|Any CPU
		{09F765D0-D9C4-4EBB-A1F5-1E2FE33A2BE7}.Release|Any CPU.ActiveCfg = Release|Any CPU
		{09F765D0-D9C4-4EBB-A1F5-1E2FE33A2BE7}.Release|Any CPU.Build.0 = Release|Any CPU
		{09F765D0-D9C4-4EBB-A1F5-1E2FE33A2BE7}.Release|x64.ActiveCfg = Release|Any CPU
		{09F765D0-D9C4-4EBB-A1F5-1E2FE33A2BE7}.Release|x64.Build.0 = Release|Any CPU
		{09F765D0-D9C4-4EBB-A1F5-1E2FE33A2BE7}.Release|x86.ActiveCfg = Release|Any CPU
		{09F765D0-D9C4-4EBB-A1F5-1E2FE33A2BE7}.Release|x86.Build.0 = Release|Any CPU
	EndGlobalSection
	GlobalSection(SolutionProperties) = preSolution
		HideSolutionNode = FALSE
	EndGlobalSection
	GlobalSection(NestedProjects) = preSolution
		{17EC7DC9-600F-44D0-86BF-91513E3DE8CA} = {68D6769A-ABDA-44F3-804C-658C453251E5}
		{210356C8-4670-45E2-97F1-2975FBE7CCBC} = {68D6769A-ABDA-44F3-804C-658C453251E5}
		{09F765D0-D9C4-4EBB-A1F5-1E2FE33A2BE7} = {68D6769A-ABDA-44F3-804C-658C453251E5}
	EndGlobalSection
	GlobalSection(ExtensibilityGlobals) = postSolution
		SolutionGuid = {5CEA94E8-BFB2-4DAC-95B1-E9D8B9872E34}
	EndGlobalSection
EndGlobal
