<?xml version="1.0" encoding="utf-8"?>
<Project ToolsVersion="4.0" xmlns="http://schemas.microsoft.com/developer/msbuild/2003">
  <ItemGroup>
    <Filter Include="Исходные файлы">
      <UniqueIdentifier>{4FC737F1-C7A5-4376-A066-2A32D752A2FF}</UniqueIdentifier>
      <Extensions>cpp;c;cc;cxx;c++;cppm;ixx;def;odl;idl;hpj;bat;asm;asmx</Extensions>
    </Filter>
    <Filter Include="Файлы заголовков">
      <UniqueIdentifier>{93995380-89BD-4b04-88EB-625FBE52EBFB}</UniqueIdentifier>
      <Extensions>h;hh;hpp;hxx;h++;hm;inl;inc;ipp;xsd</Extensions>
    </Filter>
    <Filter Include="Файлы ресурсов">
      <UniqueIdentifier>{67DA6AB6-F800-4c08-8B7A-83BB121AAD01}</UniqueIdentifier>
      <Extensions>rc;ico;cur;bmp;dlg;rc2;rct;bin;rgs;gif;jpg;jpeg;jpe;resx;tiff;tif;png;wav;mfcribbon-ms</Extensions>
    </Filter>
    <Filter Include="Исходные файлы\patches">
      <UniqueIdentifier>{1cf21b73-d1af-4f3d-817a-f5fdd38476b0}</UniqueIdentifier>
    </Filter>
    <Filter Include="Исходные файлы\patches\age">
      <UniqueIdentifier>{07cb20c7-182b-4ca1-abea-d0dbad39b1f0}</UniqueIdentifier>
    </Filter>
    <Filter Include="Исходные файлы\functions">
      <UniqueIdentifier>{d903120e-49a3-49db-a7e1-a77675c88a12}</UniqueIdentifier>
    </Filter>
    <Filter Include="Исходные файлы\data">
      <UniqueIdentifier>{5f3b32ac-aa3b-43cf-bf59-9c4ac0419cfe}</UniqueIdentifier>
    </Filter>
    <Filter Include="Исходные файлы\plugins">
      <UniqueIdentifier>{7fb9a0ac-6486-4112-9091-a66dd0d09210}</UniqueIdentifier>
    </Filter>
    <Filter Include="3rd">
      <UniqueIdentifier>{0870bfe6-27b0-4971-95bf-ba78b5f8bb45}</UniqueIdentifier>
    </Filter>
    <Filter Include="Исходные файлы\patches\stratModels">
      <UniqueIdentifier>{163579f2-3b06-44da-a4c2-c5c503d2a458}</UniqueIdentifier>
    </Filter>
    <Filter Include="Исходные файлы\test">
      <UniqueIdentifier>{0b7b204c-6c52-411c-94ec-821c09dd0b5d}</UniqueIdentifier>
    </Filter>
    <Filter Include="Исходные файлы\functions\stratActions">
      <UniqueIdentifier>{8ef46b92-8ece-4f87-991a-ea1a258343de}</UniqueIdentifier>
    </Filter>
    <Filter Include="Исходные файлы\patches\customTiles">
      <UniqueIdentifier>{1aadcecd-f914-4bad-bb50-518337da8fc7}</UniqueIdentifier>
    </Filter>
    <Filter Include="Исходные файлы\functions\helpers">
      <UniqueIdentifier>{c677d152-1df7-4e3a-8261-58aa8474622d}</UniqueIdentifier>
    </Filter>
    <Filter Include="technical">
      <UniqueIdentifier>{d733bb66-83ba-4b7e-9b16-3ce5c6645050}</UniqueIdentifier>
    </Filter>
    <Filter Include="3rd\imgui">
      <UniqueIdentifier>{11e30860-952e-4871-8dcd-d72d7457ba21}</UniqueIdentifier>
    </Filter>
    <Filter Include="Исходные файлы\headers">
      <UniqueIdentifier>{42fce446-d3b7-4127-9bd3-720caccfbc87}</UniqueIdentifier>
    </Filter>
    <Filter Include="3rd\miniz">
      <UniqueIdentifier>{2d701366-815a-4653-8b91-008a98f3ce33}</UniqueIdentifier>
    </Filter>
    <Filter Include="3rd\json">
      <UniqueIdentifier>{cfef3814-4ac2-4e6e-a30d-2a51e64b8055}</UniqueIdentifier>
    </Filter>
    <Filter Include="3rd\ImNotify">
      <UniqueIdentifier>{d71c722e-322d-4461-9d75-db85485afcb5}</UniqueIdentifier>
    </Filter>
    <Filter Include="3rd\dif">
      <UniqueIdentifier>{4b98bd9a-21b5-472b-b96c-8f030f7277b2}</UniqueIdentifier>
    </Filter>
    <Filter Include="features">
      <UniqueIdentifier>{f478812c-bb51-4383-891a-49ea7fcb576d}</UniqueIdentifier>
    </Filter>
    <Filter Include="features\eduThings">
      <UniqueIdentifier>{bf155e05-95f7-4050-ab15-28d5f001fc7f}</UniqueIdentifier>
    </Filter>
    <Filter Include="features\onlineThings">
      <UniqueIdentifier>{2143ae68-fb3b-4946-8cb2-460523c5e8cd}</UniqueIdentifier>
    </Filter>
    <Filter Include="features\interactiveMap">
      <UniqueIdentifier>{df1d3dd5-dd44-48fa-a37b-7cef17561e76}</UniqueIdentifier>
    </Filter>
    <Filter Include="features\settlementConversionLvlSetter">
      <UniqueIdentifier>{916fe1d7-b236-40f6-9961-71d6eecd49b6}</UniqueIdentifier>
    </Filter>
    <Filter Include="3rd\asmjit">
      <UniqueIdentifier>{0bd2d4be-0e4e-4039-8e7a-6f1df76ee557}</UniqueIdentifier>
    </Filter>
    <Filter Include="3rd\Autodesk">
      <UniqueIdentifier>{64b742c9-2415-4e17-b0e5-3f6e66be6e1a}</UniqueIdentifier>
    </Filter>
    <Filter Include="3rd\Autodesk\fbx sdk">
      <UniqueIdentifier>{c7cb89e6-121d-426b-8b57-7cfb1d5bc41b}</UniqueIdentifier>
    </Filter>
    <Filter Include="features\fbxModels">
      <UniqueIdentifier>{775825f1-801f-474d-8bd8-c4f5f50e98e3}</UniqueIdentifier>
    </Filter>
    <Filter Include="features\fbxModels\drawer">
      <UniqueIdentifier>{0c17b9b4-015a-40d2-8a5d-89016df6410c}</UniqueIdentifier>
    </Filter>
    <Filter Include="features\soundThings">
      <UniqueIdentifier>{7f598697-dee4-4e10-a920-c292390fe5f9}</UniqueIdentifier>
    </Filter>
    <Filter Include="features\battlemapWorker">
      <UniqueIdentifier>{7bdfdc79-cdd0-4c39-8eb9-8e4937676dae}</UniqueIdentifier>
    </Filter>
    <Filter Include="features\DeveloperMode">
      <UniqueIdentifier>{aba6a7c0-3e99-43ce-8765-68fca30a88fa}</UniqueIdentifier>
    </Filter>
    <Filter Include="features\DeveloperMode\BattleMapOverrider">
      <UniqueIdentifier>{b945e8ac-a8da-49d8-89e4-5e6f85564626}</UniqueIdentifier>
    </Filter>
    <Filter Include="features\RecruitSystem">
      <UniqueIdentifier>{3100ceb3-55db-429f-bda7-d86b5b34950b}</UniqueIdentifier>
    </Filter>
    <Filter Include="features\RecruitSystem\Core">
      <UniqueIdentifier>{905ed2b0-68a6-484a-8cef-32abb7fa7604}</UniqueIdentifier>
    </Filter>
    <Filter Include="features\RecruitSystem\Config">
      <UniqueIdentifier>{30fa89e1-8565-4016-acf7-3eb032fb0c6e}</UniqueIdentifier>
    </Filter>
  </ItemGroup>
  <ItemGroup>
    <ClInclude Include="framework.h">
      <Filter>Файлы заголовков</Filter>
    </ClInclude>
    <ClInclude Include="pch.h">
      <Filter>Файлы заголовков</Filter>
    </ClInclude>
    <ClInclude Include="managerF.h">
      <Filter>Файлы заголовков</Filter>
    </ClInclude>
    <ClInclude Include="agePatch.h">
      <Filter>Исходные файлы\patches\age</Filter>
    </ClInclude>
    <ClInclude Include="patchesForGame.h">
      <Filter>Файлы заголовков</Filter>
    </ClInclude>
    <ClInclude Include="functionsOffsets.h">
      <Filter>Исходные файлы\data</Filter>
    </ClInclude>
    <ClInclude Include="plugins.h">
      <Filter>Исходные файлы\plugins</Filter>
    </ClInclude>
    <ClInclude Include="eventsCodes.h">
      <Filter>Исходные файлы\data</Filter>
    </ClInclude>
    <ClInclude Include="fastFuncts.h">
      <Filter>Исходные файлы\functions</Filter>
    </ClInclude>
    <ClInclude Include="dataOffsets.h">
      <Filter>Исходные файлы\data</Filter>
    </ClInclude>
    <ClInclude Include="techFuncs.h">
      <Filter>Исходные файлы\functions</Filter>
    </ClInclude>
    <ClInclude Include="stratModelsChange.h">
      <Filter>Исходные файлы\patches\stratModels</Filter>
    </ClInclude>
    <ClInclude Include="tests.h">
      <Filter>Исходные файлы\test</Filter>
    </ClInclude>
    <ClInclude Include="actionsStrat.h">
      <Filter>Исходные файлы\functions\stratActions</Filter>
    </ClInclude>
    <ClInclude Include="tilesChange.h">
      <Filter>Исходные файлы\patches\customTiles</Filter>
    </ClInclude>
    <ClInclude Include="fastFunctsHelpers.h">
      <Filter>Исходные файлы\functions\helpers</Filter>
    </ClInclude>
    <ClInclude Include="graphicsD3D.h">
      <Filter>3rd\dif</Filter>
    </ClInclude>
    <ClInclude Include="exportHeader.h">
      <Filter>Файлы заголовков</Filter>
    </ClInclude>
    <ClInclude Include="..\3rd\imgui\imconfig.h">
      <Filter>3rd\imgui</Filter>
    </ClInclude>
    <ClInclude Include="..\3rd\imgui\imgui.h">
      <Filter>3rd\imgui</Filter>
    </ClInclude>
    <ClInclude Include="..\3rd\imgui\imgui_impl_dx9.h">
      <Filter>3rd\imgui</Filter>
    </ClInclude>
    <ClInclude Include="..\3rd\imgui\imgui_impl_win32.h">
      <Filter>3rd\imgui</Filter>
    </ClInclude>
    <ClInclude Include="..\3rd\imgui\imgui_internal.h">
      <Filter>3rd\imgui</Filter>
    </ClInclude>
    <ClInclude Include="..\3rd\imgui\imstb_rectpack.h">
      <Filter>3rd\imgui</Filter>
    </ClInclude>
    <ClInclude Include="..\3rd\imgui\imstb_textedit.h">
      <Filter>3rd\imgui</Filter>
    </ClInclude>
    <ClInclude Include="..\3rd\imgui\imstb_truetype.h">
      <Filter>3rd\imgui</Filter>
    </ClInclude>
    <ClInclude Include="headersMEM.h">
      <Filter>Исходные файлы\headers</Filter>
    </ClInclude>
    <ClInclude Include="headersSTD.h">
      <Filter>Исходные файлы\headers</Filter>
    </ClInclude>
    <ClInclude Include="headersGraphics.h">
      <Filter>Исходные файлы\headers</Filter>
    </ClInclude>
    <ClInclude Include="technicalStringsFuncs.h">
      <Filter>Исходные файлы\functions</Filter>
    </ClInclude>
    <ClInclude Include="smallFuncs.h">
      <Filter>Исходные файлы\functions</Filter>
    </ClInclude>
    <ClInclude Include="..\3rd\imgui\eopImgui.h">
      <Filter>3rd\imgui</Filter>
    </ClInclude>
    <ClInclude Include="..\3rd\miniz\miniz.h">
      <Filter>3rd\miniz</Filter>
    </ClInclude>
    <ClInclude Include="stratModelsOptimise.h">
      <Filter>Исходные файлы\patches\stratModels</Filter>
    </ClInclude>
    <ClInclude Include="realGameTypes.h">
      <Filter>Файлы ресурсов</Filter>
    </ClInclude>
    <ClInclude Include="onlineThings.h">
      <Filter>features\onlineThings</Filter>
    </ClInclude>
    <ClInclude Include="..\3rd\nlohmann\json.hpp">
      <Filter>3rd\json</Filter>
    </ClInclude>
    <ClInclude Include="..\3rd\ImNotify\fa_solid_900.h">
      <Filter>3rd\ImNotify</Filter>
    </ClInclude>
    <ClInclude Include="..\3rd\ImNotify\font_awesome_5.h">
      <Filter>3rd\ImNotify</Filter>
    </ClInclude>
    <ClInclude Include="..\3rd\ImNotify\imgui_notify.h">
      <Filter>3rd\ImNotify</Filter>
    </ClInclude>
    <ClInclude Include="eduThings.h">
      <Filter>features\eduThings</Filter>
    </ClInclude>
    <ClInclude Include="eduFastFuncts.h">
      <Filter>features\eduThings</Filter>
    </ClInclude>
    <ClInclude Include="fbxModels.h">
      <Filter>features\fbxModels</Filter>
    </ClInclude>
    <ClInclude Include="onlineThings2.h">
      <Filter>features\onlineThings</Filter>
    </ClInclude>
    <ClInclude Include="..\3rd\imgui\ImFileDialog.h">
      <Filter>3rd\imgui</Filter>
    </ClInclude>
    <ClInclude Include="..\3rd\imgui\stb_image.h">
      <Filter>3rd\imgui</Filter>
    </ClInclude>
    <ClInclude Include="..\3rd\imgui\imgui_stdlib.h">
      <Filter>3rd\imgui</Filter>
    </ClInclude>
    <ClInclude Include="m2tweopMap.h">
      <Filter>features\interactiveMap</Filter>
    </ClInclude>
    <ClInclude Include="m2tweopTile.h">
      <Filter>features\interactiveMap</Filter>
    </ClInclude>
    <ClInclude Include="m2tweopMapManager.h">
      <Filter>features\interactiveMap</Filter>
    </ClInclude>
    <ClInclude Include="settlementConversionLvlSetter.h">
      <Filter>features\settlementConversionLvlSetter</Filter>
    </ClInclude>
    <ClInclude Include="..\3rd\AsmJit\headers\ApiBegin.h">
      <Filter>3rd\asmjit</Filter>
    </ClInclude>
    <ClInclude Include="..\3rd\AsmJit\headers\ApiEnd.h">
      <Filter>3rd\asmjit</Filter>
    </ClInclude>
    <ClInclude Include="..\3rd\AsmJit\headers\AsmJit.h">
      <Filter>3rd\asmjit</Filter>
    </ClInclude>
    <ClInclude Include="..\3rd\AsmJit\headers\Assembler.h">
      <Filter>3rd\asmjit</Filter>
    </ClInclude>
    <ClInclude Include="..\3rd\AsmJit\headers\AssemblerX86X64.h">
      <Filter>3rd\asmjit</Filter>
    </ClInclude>
    <ClInclude Include="..\3rd\AsmJit\headers\Build.h">
      <Filter>3rd\asmjit</Filter>
    </ClInclude>
    <ClInclude Include="..\3rd\AsmJit\headers\CodeGenerator.h">
      <Filter>3rd\asmjit</Filter>
    </ClInclude>
    <ClInclude Include="..\3rd\AsmJit\headers\Compiler.h">
      <Filter>3rd\asmjit</Filter>
    </ClInclude>
    <ClInclude Include="..\3rd\AsmJit\headers\CompilerX86X64.h">
      <Filter>3rd\asmjit</Filter>
    </ClInclude>
    <ClInclude Include="..\3rd\AsmJit\headers\Config.h">
      <Filter>3rd\asmjit</Filter>
    </ClInclude>
    <ClInclude Include="..\3rd\AsmJit\headers\CpuInfo.h">
      <Filter>3rd\asmjit</Filter>
    </ClInclude>
    <ClInclude Include="..\3rd\AsmJit\headers\Defs.h">
      <Filter>3rd\asmjit</Filter>
    </ClInclude>
    <ClInclude Include="..\3rd\AsmJit\headers\DefsX86X64.h">
      <Filter>3rd\asmjit</Filter>
    </ClInclude>
    <ClInclude Include="..\3rd\AsmJit\headers\Logger.h">
      <Filter>3rd\asmjit</Filter>
    </ClInclude>
    <ClInclude Include="..\3rd\AsmJit\headers\MemoryManager.h">
      <Filter>3rd\asmjit</Filter>
    </ClInclude>
    <ClInclude Include="..\3rd\AsmJit\headers\Operand.h">
      <Filter>3rd\asmjit</Filter>
    </ClInclude>
    <ClInclude Include="..\3rd\AsmJit\headers\OperandX86X64.h">
      <Filter>3rd\asmjit</Filter>
    </ClInclude>
    <ClInclude Include="..\3rd\AsmJit\headers\Platform.h">
      <Filter>3rd\asmjit</Filter>
    </ClInclude>
    <ClInclude Include="..\3rd\AsmJit\headers\Util.h">
      <Filter>3rd\asmjit</Filter>
    </ClInclude>
    <ClInclude Include="..\3rd\AsmJit\headers\Util_p.h">
      <Filter>3rd\asmjit</Filter>
    </ClInclude>
    <ClInclude Include="Injects.h">
      <Filter>technical</Filter>
    </ClInclude>
    <ClInclude Include="MemWork.h">
      <Filter>technical</Filter>
    </ClInclude>
    <ClInclude Include="TemplateCh.h">
      <Filter>technical</Filter>
    </ClInclude>
    <ClInclude Include="globals.h">
      <Filter>Исходные файлы\data</Filter>
    </ClInclude>
    <ClInclude Include="SingleFbxMesh.h">
      <Filter>features\fbxModels\drawer</Filter>
    </ClInclude>
    <ClInclude Include="tAutodeskMemoryStream.h">
      <Filter>features\fbxModels\drawer</Filter>
    </ClInclude>
    <ClInclude Include="..\3rd\Autodesk\FBX\FBX SDK\2019.5\include\fbxsdk.h">
      <Filter>3rd\Autodesk\fbx sdk</Filter>
    </ClInclude>
    <ClInclude Include="fbxHelper.h">
      <Filter>features\fbxModels\drawer</Filter>
    </ClInclude>
    <ClInclude Include="eopSounds.h">
      <Filter>features\soundThings</Filter>
    </ClInclude>
    <ClInclude Include="battlemapWorker.h">
      <Filter>features\battlemapWorker</Filter>
    </ClInclude>
    <ClInclude Include="DeveloperMode.h">
      <Filter>features\DeveloperMode</Filter>
    </ClInclude>
    <ClInclude Include="BattleMapOverrider.h">
      <Filter>features\DeveloperMode\BattleMapOverrider</Filter>
    </ClInclude>
    <ClInclude Include="RecruitSystem.h">
      <Filter>features\RecruitSystem</Filter>
    </ClInclude>
    <ClInclude Include="RecruitPlace.h">
      <Filter>features\RecruitSystem\Core</Filter>
    </ClInclude>
    <ClInclude Include="RecruitSystemConfig.h">
      <Filter>features\RecruitSystem\Config</Filter>
    </ClInclude>
    <ClInclude Include="RecruitUnitDescription.h">
      <Filter>features\RecruitSystem\Core</Filter>
    </ClInclude>
    <ClInclude Include="RecruitConditionDescription.h">
      <Filter>features\RecruitSystem\Core</Filter>
    </ClInclude>
  </ItemGroup>
  <ItemGroup>
    <ClCompile Include="dllmain.cpp">
      <Filter>Исходные файлы</Filter>
    </ClCompile>
    <ClCompile Include="pch.cpp">
      <Filter>Исходные файлы</Filter>
    </ClCompile>
    <ClCompile Include="managerF.cpp">
      <Filter>Исходные файлы</Filter>
    </ClCompile>
    <ClCompile Include="agePatch.cpp">
      <Filter>Исходные файлы\patches\age</Filter>
    </ClCompile>
    <ClCompile Include="patchesForGame.cpp">
      <Filter>Исходные файлы</Filter>
    </ClCompile>
    <ClCompile Include="functionsOffsets.cpp">
      <Filter>Исходные файлы\data</Filter>
    </ClCompile>
    <ClCompile Include="plugins.cpp">
      <Filter>Исходные файлы\plugins</Filter>
    </ClCompile>
    <ClCompile Include="fastFuncts.cpp">
      <Filter>Исходные файлы\functions</Filter>
    </ClCompile>
    <ClCompile Include="dataOffsets.cpp">
      <Filter>Исходные файлы\data</Filter>
    </ClCompile>
    <ClCompile Include="techFuncs.cpp">
      <Filter>Исходные файлы\functions</Filter>
    </ClCompile>
    <ClCompile Include="stratModelsChange.cpp">
      <Filter>Исходные файлы\patches\stratModels</Filter>
    </ClCompile>
    <ClCompile Include="stratModelsHelper.cpp">
      <Filter>Исходные файлы\patches\stratModels</Filter>
    </ClCompile>
    <ClCompile Include="actionsStrat.cpp">
      <Filter>Исходные файлы\functions\stratActions</Filter>
    </ClCompile>
    <ClCompile Include="actionsStratHelpers.cpp">
      <Filter>Исходные файлы\functions\stratActions</Filter>
    </ClCompile>
    <ClCompile Include="tilesChange.cpp">
      <Filter>Исходные файлы\patches\customTiles</Filter>
    </ClCompile>
    <ClCompile Include="fastFunctsHelpers.cpp">
      <Filter>Исходные файлы\functions\helpers</Filter>
    </ClCompile>
    <ClCompile Include="graphicsD3D.cpp">
      <Filter>3rd\dif</Filter>
    </ClCompile>
    <ClCompile Include="..\3rd\imgui\imgui.cpp">
      <Filter>3rd\imgui</Filter>
    </ClCompile>
    <ClCompile Include="..\3rd\imgui\imgui_draw.cpp">
      <Filter>3rd\imgui</Filter>
    </ClCompile>
    <ClCompile Include="..\3rd\imgui\imgui_impl_dx9.cpp">
      <Filter>3rd\imgui</Filter>
    </ClCompile>
    <ClCompile Include="..\3rd\imgui\imgui_impl_win32.cpp">
      <Filter>3rd\imgui</Filter>
    </ClCompile>
    <ClCompile Include="..\3rd\imgui\imgui_tables.cpp">
      <Filter>3rd\imgui</Filter>
    </ClCompile>
    <ClCompile Include="..\3rd\imgui\imgui_widgets.cpp">
      <Filter>3rd\imgui</Filter>
    </ClCompile>
    <ClCompile Include="technicalStringsFuncs.cpp">
      <Filter>Исходные файлы\functions</Filter>
    </ClCompile>
    <ClCompile Include="smallFuncs.cpp">
      <Filter>Исходные файлы\functions</Filter>
    </ClCompile>
    <ClCompile Include="..\3rd\imgui\eopImgui.cpp">
      <Filter>3rd\imgui</Filter>
    </ClCompile>
    <ClCompile Include="..\3rd\miniz\miniz.c">
      <Filter>3rd\miniz</Filter>
    </ClCompile>
    <ClCompile Include="stratModelsOptimise.cpp">
      <Filter>Исходные файлы\patches\stratModels</Filter>
    </ClCompile>
    <ClCompile Include="onlineThings.cpp">
      <Filter>features\onlineThings</Filter>
    </ClCompile>
    <ClCompile Include="eduThings.cpp">
      <Filter>features\eduThings</Filter>
    </ClCompile>
    <ClCompile Include="eduFastFuncts.cpp">
      <Filter>features\eduThings</Filter>
    </ClCompile>
    <ClCompile Include="fbxModels.cpp">
      <Filter>features\fbxModels</Filter>
    </ClCompile>
    <ClCompile Include="onlineThings2.cpp">
      <Filter>features\onlineThings</Filter>
    </ClCompile>
    <ClCompile Include="..\3rd\imgui\ImFileDialog.cpp">
      <Filter>3rd\imgui</Filter>
    </ClCompile>
    <ClCompile Include="..\3rd\imgui\imgui_stdlib.cpp">
      <Filter>3rd\imgui</Filter>
    </ClCompile>
    <ClCompile Include="m2tweopMap.cpp">
      <Filter>features\interactiveMap</Filter>
    </ClCompile>
    <ClCompile Include="m2tweopTile.cpp">
      <Filter>features\interactiveMap</Filter>
    </ClCompile>
    <ClCompile Include="m2tweopMapManager.cpp">
      <Filter>features\interactiveMap</Filter>
    </ClCompile>
    <ClCompile Include="..\3rd\imgui\imgui_demo.cpp">
      <Filter>3rd\imgui</Filter>
    </ClCompile>
    <ClCompile Include="settlementConversionLvlSetter.cpp">
      <Filter>features\settlementConversionLvlSetter</Filter>
    </ClCompile>
    <ClCompile Include="..\3rd\AsmJit\headers\Assembler.cpp">
      <Filter>3rd\asmjit</Filter>
    </ClCompile>
    <ClCompile Include="..\3rd\AsmJit\headers\AssemblerX86X64.cpp">
      <Filter>3rd\asmjit</Filter>
    </ClCompile>
    <ClCompile Include="..\3rd\AsmJit\headers\CodeGenerator.cpp">
      <Filter>3rd\asmjit</Filter>
    </ClCompile>
    <ClCompile Include="..\3rd\AsmJit\headers\Compiler.cpp">
      <Filter>3rd\asmjit</Filter>
    </ClCompile>
    <ClCompile Include="..\3rd\AsmJit\headers\CompilerX86X64.cpp">
      <Filter>3rd\asmjit</Filter>
    </ClCompile>
    <ClCompile Include="..\3rd\AsmJit\headers\CpuInfo.cpp">
      <Filter>3rd\asmjit</Filter>
    </ClCompile>
    <ClCompile Include="..\3rd\AsmJit\headers\Defs.cpp">
      <Filter>3rd\asmjit</Filter>
    </ClCompile>
    <ClCompile Include="..\3rd\AsmJit\headers\DefsX86X64.cpp">
      <Filter>3rd\asmjit</Filter>
    </ClCompile>
    <ClCompile Include="..\3rd\AsmJit\headers\Logger.cpp">
      <Filter>3rd\asmjit</Filter>
    </ClCompile>
    <ClCompile Include="..\3rd\AsmJit\headers\MemoryManager.cpp">
      <Filter>3rd\asmjit</Filter>
    </ClCompile>
    <ClCompile Include="..\3rd\AsmJit\headers\Operand.cpp">
      <Filter>3rd\asmjit</Filter>
    </ClCompile>
    <ClCompile Include="..\3rd\AsmJit\headers\OperandX86X64.cpp">
      <Filter>3rd\asmjit</Filter>
    </ClCompile>
    <ClCompile Include="..\3rd\AsmJit\headers\Platform.cpp">
      <Filter>3rd\asmjit</Filter>
    </ClCompile>
    <ClCompile Include="..\3rd\AsmJit\headers\Util.cpp">
      <Filter>3rd\asmjit</Filter>
    </ClCompile>
    <ClCompile Include="Injects.cpp">
      <Filter>technical</Filter>
    </ClCompile>
    <ClCompile Include="MemWork.cpp">
      <Filter>technical</Filter>
    </ClCompile>
    <ClCompile Include="TemplateCh.cpp">
      <Filter>technical</Filter>
    </ClCompile>
    <ClCompile Include="globals.cpp">
      <Filter>Исходные файлы\data</Filter>
    </ClCompile>
    <ClCompile Include="SingleFbxMesh.cpp">
      <Filter>features\fbxModels\drawer</Filter>
    </ClCompile>
    <ClCompile Include="tAutodeskMemoryStream.cpp">
      <Filter>features\fbxModels\drawer</Filter>
    </ClCompile>
    <ClCompile Include="fbxHelper.cpp">
      <Filter>features\fbxModels\drawer</Filter>
    </ClCompile>
    <ClCompile Include="eopSounds.cpp">
      <Filter>features\soundThings</Filter>
    </ClCompile>
    <ClCompile Include="battlemapWorker.cpp">
      <Filter>features\battlemapWorker</Filter>
    </ClCompile>
    <ClCompile Include="DeveloperMode.cpp">
      <Filter>features\DeveloperMode</Filter>
    </ClCompile>
    <ClCompile Include="BattleMapOverrider.cpp">
      <Filter>features\DeveloperMode\BattleMapOverrider</Filter>
    </ClCompile>
    <ClCompile Include="RecruitSystem.cpp">
      <Filter>features\RecruitSystem</Filter>
    </ClCompile>
    <ClCompile Include="RecruitPlace.cpp">
      <Filter>features\RecruitSystem\Core</Filter>
    </ClCompile>
    <ClCompile Include="RecruitSystemConfig.cpp">
      <Filter>features\RecruitSystem\Config</Filter>
    </ClCompile>
    <ClCompile Include="RecruitUnitDescription.cpp">
      <Filter>features\RecruitSystem\Core</Filter>
    </ClCompile>
    <ClCompile Include="RecruitConditionDescription.cpp">
      <Filter>features\RecruitSystem\Core</Filter>
    </ClCompile>
  </ItemGroup>
  <ItemGroup>
    <None Include="..\3rd\AsmJit\headers\Regenerate.py">
      <Filter>3rd\asmjit</Filter>
    </None>
  </ItemGroup>
  <ItemGroup>
    <Text Include="notes.txt">
      <Filter>Файлы ресурсов</Filter>
    </Text>
  </ItemGroup>
</Project>