<?xml version="1.0" encoding="utf-8"?>
<Project ToolsVersion="4.0" xmlns="http://schemas.microsoft.com/developer/msbuild/2003">
  <ItemGroup>
    <Filter Include="3rd">
      <UniqueIdentifier>{0870bfe6-27b0-4971-95bf-ba78b5f8bb45}</UniqueIdentifier>
    </Filter>
    <Filter Include="3rd\imgui">
      <UniqueIdentifier>{11e30860-952e-4871-8dcd-d72d7457ba21}</UniqueIdentifier>
    </Filter>
    <Filter Include="3rd\miniz">
      <UniqueIdentifier>{2d701366-815a-4653-8b91-008a98f3ce33}</UniqueIdentifier>
    </Filter>
    <Filter Include="3rd\json">
      <UniqueIdentifier>{cfef3814-4ac2-4e6e-a30d-2a51e64b8055}</UniqueIdentifier>
    </Filter>
    <Filter Include="3rd\ImNotify">
      <UniqueIdentifier>{d71c722e-322d-4461-9d75-db85485afcb5}</UniqueIdentifier>
    </Filter>
    <Filter Include="3rd\dif">
      <UniqueIdentifier>{4b98bd9a-21b5-472b-b96c-8f030f7277b2}</UniqueIdentifier>
    </Filter>
    <Filter Include="3rd\asmjit">
      <UniqueIdentifier>{0bd2d4be-0e4e-4039-8e7a-6f1df76ee557}</UniqueIdentifier>
    </Filter>
    <Filter Include="3rd\Autodesk">
      <UniqueIdentifier>{64b742c9-2415-4e17-b0e5-3f6e66be6e1a}</UniqueIdentifier>
    </Filter>
    <Filter Include="3rd\Autodesk\fbx sdk">
      <UniqueIdentifier>{c7cb89e6-121d-426b-8b57-7cfb1d5bc41b}</UniqueIdentifier>
    </Filter>
    <Filter Include="3rd\discord">
      <UniqueIdentifier>{92d88ef8-2df2-49eb-9c8d-3a534dc208f5}</UniqueIdentifier>
    </Filter>
    <Filter Include="3rd\logger">
      <UniqueIdentifier>{92d88ef8-2df2-49eb-9c8d-3a534dc208f5}</UniqueIdentifier>
    </Filter>
    <Filter Include="3rd\shortestPath">
      <UniqueIdentifier>{ea658fbd-38fc-49d1-bbf5-1f128c840c4f}</UniqueIdentifier>
    </Filter>
    <Filter Include="Source Files">
      <UniqueIdentifier>{4FC737F1-C7A5-4376-A066-2A32D752A2FF}</UniqueIdentifier>
      <Extensions>cpp;c;cc;cxx;c++;cppm;ixx;def;odl;idl;hpj;bat;asm;asmx</Extensions>
    </Filter>
    <Filter Include="Source Files\functions">
      <UniqueIdentifier>{d903120e-49a3-49db-a7e1-a77675c88a12}</UniqueIdentifier>
    </Filter>
    <Filter Include="Source Files\functions\stratActions">
      <UniqueIdentifier>{8ef46b92-8ece-4f87-991a-ea1a258343de}</UniqueIdentifier>
    </Filter>
    <Filter Include="Source Files\functions\helpers">
      <UniqueIdentifier>{c677d152-1df7-4e3a-8261-58aa8474622d}</UniqueIdentifier>
    </Filter>
    <Filter Include="Source Files\data">
      <UniqueIdentifier>{5f3b32ac-aa3b-43cf-bf59-9c4ac0419cfe}</UniqueIdentifier>
    </Filter>
    <Filter Include="Source Files\plugins">
      <UniqueIdentifier>{7fb9a0ac-6486-4112-9091-a66dd0d09210}</UniqueIdentifier>
    </Filter>
    <Filter Include="Source Files\test">
      <UniqueIdentifier>{0b7b204c-6c52-411c-94ec-821c09dd0b5d}</UniqueIdentifier>
    </Filter>
    <Filter Include="Source Files\headers">
      <UniqueIdentifier>{42fce446-d3b7-4127-9bd3-720caccfbc87}</UniqueIdentifier>
    </Filter>
    <Filter Include="Source Files\injections">
      <UniqueIdentifier>{1cf21b73-d1af-4f3d-817a-f5fdd38476b0}</UniqueIdentifier>
    </Filter>
    <Filter Include="Technical">
      <UniqueIdentifier>{d733bb66-83ba-4b7e-9b16-3ce5c6645050}</UniqueIdentifier>
    </Filter>
    <Filter Include="Technical\texturesManager">
      <UniqueIdentifier>{1e9bf360-6ae5-4c5e-9da9-79d3ed955d61}</UniqueIdentifier>
    </Filter>
    <Filter Include="Features">
      <UniqueIdentifier>{f478812c-bb51-4383-891a-49ea7fcb576d}</UniqueIdentifier>
    </Filter>
    <Filter Include="Features\eduThings">
      <UniqueIdentifier>{bf155e05-95f7-4050-ab15-28d5f001fc7f}</UniqueIdentifier>
    </Filter>
    <Filter Include="Features\onlineThings">
      <UniqueIdentifier>{2143ae68-fb3b-4946-8cb2-460523c5e8cd}</UniqueIdentifier>
    </Filter>
    <Filter Include="Features\interactiveMap">
      <UniqueIdentifier>{df1d3dd5-dd44-48fa-a37b-7cef17561e76}</UniqueIdentifier>
    </Filter>
    <Filter Include="Features\settlementConversionLvlSetter">
      <UniqueIdentifier>{916fe1d7-b236-40f6-9961-71d6eecd49b6}</UniqueIdentifier>
    </Filter>
    <Filter Include="Features\fbxModels">
      <UniqueIdentifier>{775825f1-801f-474d-8bd8-c4f5f50e98e3}</UniqueIdentifier>
    </Filter>
    <Filter Include="Features\fbxModels\drawer">
      <UniqueIdentifier>{0c17b9b4-015a-40d2-8a5d-89016df6410c}</UniqueIdentifier>
    </Filter>
    <Filter Include="Features\soundThings">
      <UniqueIdentifier>{7f598697-dee4-4e10-a920-c292390fe5f9}</UniqueIdentifier>
    </Filter>
    <Filter Include="Features\battlemapWorker">
      <UniqueIdentifier>{7bdfdc79-cdd0-4c39-8eb9-8e4937676dae}</UniqueIdentifier>
    </Filter>
    <Filter Include="Features\DeveloperMode">
      <UniqueIdentifier>{aba6a7c0-3e99-43ce-8765-68fca30a88fa}</UniqueIdentifier>
    </Filter>
    <Filter Include="Features\DeveloperMode\BattleMapOverrider">
      <UniqueIdentifier>{b945e8ac-a8da-49d8-89e4-5e6f85564626}</UniqueIdentifier>
    </Filter>
    <Filter Include="Features\RecruitSystem">
      <UniqueIdentifier>{3100ceb3-55db-429f-bda7-d86b5b34950b}</UniqueIdentifier>
    </Filter>
    <Filter Include="Features\mmbMover">
      <UniqueIdentifier>{c4bd76eb-28c5-4b73-9553-9ab43b44e19c}</UniqueIdentifier>
    </Filter>
    <Filter Include="Features\tacticalMapVeiwer">
      <UniqueIdentifier>{f1f7cc32-6085-4426-8f2f-a3422d1df5fa}</UniqueIdentifier>
    </Filter>
    <Filter Include="Features\ContextMenuStrat">
      <UniqueIdentifier>{7d6566ee-6f3f-4aad-b9a2-aa303e3c0c1f}</UniqueIdentifier>
    </Filter>
    <Filter Include="Features\casModelsDrawer">
      <UniqueIdentifier>{3557e8a0-e12e-4a5c-8190-50b45fcf2a1c}</UniqueIdentifier>
    </Filter>
    <Filter Include="Features\stratModels">
      <UniqueIdentifier>{163579f2-3b06-44da-a4c2-c5c503d2a458}</UniqueIdentifier>
    </Filter>
    <Filter Include="Features\customTiles">
      <UniqueIdentifier>{1aadcecd-f914-4bad-bb50-518337da8fc7}</UniqueIdentifier>
    </Filter>
    <Filter Include="Features\eopBuildings">
      <UniqueIdentifier>{c41121f6-aa4f-4187-ab9b-e7414e060814}</UniqueIdentifier>
    </Filter>
    <Filter Include="Features\mapTextDrawer">
      <UniqueIdentifier>{38fdd23f-f1b6-4765-98e0-008bf6cf426e}</UniqueIdentifier>
    </Filter>
    <Filter Include="Features\pathFinding">
      <UniqueIdentifier>{fab3b7b8-2966-414f-99e5-580a83697feb}</UniqueIdentifier>
    </Filter>
    <Filter Include="Features\Retreats">
      <UniqueIdentifier>{7ec86ca8-e0b5-490e-a9ba-fd8b83087f91}</UniqueIdentifier>
    </Filter>
    <Filter Include="Features\Retreats\PlannedRetreatRoute">
      <UniqueIdentifier>{cef8ae60-a2c4-45e9-9a08-90473e600e52}</UniqueIdentifier>
    </Filter>
    <Filter Include="Features\Retreats\Retreater">
      <UniqueIdentifier>{0ff40f1f-f3d3-4e1a-82ad-deec565c667b}</UniqueIdentifier>
    </Filter>
    <Filter Include="Headers">
      <UniqueIdentifier>{93995380-89BD-4b04-88EB-625FBE52EBFB}</UniqueIdentifier>
      <Extensions>h;hh;hpp;hxx;h++;hm;inl;inc;ipp;xsd</Extensions>
    </Filter>
    <Filter Include="Resources">
      <UniqueIdentifier>{67DA6AB6-F800-4c08-8B7A-83BB121AAD01}</UniqueIdentifier>
      <Extensions>rc;ico;cur;bmp;dlg;rc2;rct;bin;rgs;gif;jpg;jpeg;jpe;resx;tiff;tif;png;wav;mfcribbon-ms</Extensions>
    </Filter>
    <Filter Include="Features\videoThings">
      <UniqueIdentifier>{298e19a4-0550-4b64-91ae-efe752d92cd8}</UniqueIdentifier>
    </Filter>
  </ItemGroup>
  <ItemGroup>
    <ClInclude Include="framework.h">
      <Filter>Headers</Filter>
    </ClInclude>
    <ClInclude Include="pch.h">
      <Filter>Headers</Filter>
    </ClInclude>
    <ClInclude Include="managerF.h">
      <Filter>Headers</Filter>
    </ClInclude>
    <ClInclude Include="patchesForGame.h">
      <Filter>Headers</Filter>
    </ClInclude>
    <ClInclude Include="themeManager.h">
      <Filter>Source Files</Filter>
    </ClInclude>
    <ClInclude Include="functionsOffsets.h">
      <Filter>Source Files\data</Filter>
    </ClInclude>
    <ClInclude Include="dataOffsets.h">
      <Filter>Source Files\data</Filter>
    </ClInclude>
    <ClInclude Include="techFuncs.h">
      <Filter>Source Files\functions</Filter>
    </ClInclude>
    <ClInclude Include="stratModelsChange.h">
      <Filter>Features\stratModels</Filter>
    </ClInclude>
    <ClInclude Include="tilesChange.h">
      <Filter>Features\customTiles</Filter>
    </ClInclude>
    <ClInclude Include="graphicsD3D.h">
      <Filter>3rd\dif</Filter>
    </ClInclude>
    <ClInclude Include="exportHeader.h">
      <Filter>Headers</Filter>
    </ClInclude>
    <ClInclude Include="headersMEM.h">
      <Filter>Source Files\headers</Filter>
    </ClInclude>
    <ClInclude Include="headersSTD.h">
      <Filter>Source Files\headers</Filter>
    </ClInclude>
    <ClInclude Include="headersGraphics.h">
      <Filter>Source Files\headers</Filter>
    </ClInclude>
    <ClInclude Include="technicalStringsFuncs.h">
      <Filter>Source Files\functions</Filter>
    </ClInclude>
    <ClInclude Include="..\3rd\miniz\miniz.h">
      <Filter>3rd\miniz</Filter>
    </ClInclude>
    <ClInclude Include="stratModelsOptimise.h">
      <Filter>Features\stratModels</Filter>
    </ClInclude>
    <ClInclude Include="realGameTypes.h">
      <Filter>Resources</Filter>
    </ClInclude>
    <ClInclude Include="onlineThings.h">
      <Filter>Features\onlineThings</Filter>
    </ClInclude>
    <ClInclude Include="..\3rd\nlohmann\json.hpp">
      <Filter>3rd\json</Filter>
    </ClInclude>
    <ClInclude Include="..\3rd\logger\loguru.hpp">
      <Filter>3rd\logger</Filter>
    </ClInclude>
    <ClInclude Include="..\3rd\logger\loguru.cpp">
      <Filter>3rd\logger</Filter>
    </ClInclude>
    <ClInclude Include="..\3rd\ImNotify\fa_solid_900.h">
      <Filter>3rd\ImNotify</Filter>
    </ClInclude>
    <ClInclude Include="..\3rd\ImNotify\font_awesome_5.h">
      <Filter>3rd\ImNotify</Filter>
    </ClInclude>
    <ClInclude Include="..\3rd\ImNotify\imgui_notify.h">
      <Filter>3rd\ImNotify</Filter>
    </ClInclude>
    <ClInclude Include="discordManager.h">
      <Filter>Features\eduThings</Filter>
    </ClInclude>
    <ClInclude Include="jsonManager.h">
      <Filter>Features\eduThings</Filter>
    </ClInclude>
    <ClInclude Include="fbxModels.h">
      <Filter>Features\fbxModels</Filter>
    </ClInclude>
    <ClInclude Include="onlineThings2.h">
      <Filter>Features\onlineThings</Filter>
    </ClInclude>
    <ClInclude Include="m2tweopMap.h">
      <Filter>Features\interactiveMap</Filter>
    </ClInclude>
    <ClInclude Include="m2tweopTile.h">
      <Filter>Features\interactiveMap</Filter>
    </ClInclude>
    <ClInclude Include="settlementConversionLvlSetter.h">
      <Filter>Features\settlementConversionLvlSetter</Filter>
    </ClInclude>
    <ClInclude Include="..\3rd\AsmJit\headers\ApiBegin.h">
      <Filter>3rd\asmjit</Filter>
    </ClInclude>
    <ClInclude Include="..\3rd\AsmJit\headers\ApiEnd.h">
      <Filter>3rd\asmjit</Filter>
    </ClInclude>
    <ClInclude Include="..\3rd\AsmJit\headers\AsmJit.h">
      <Filter>3rd\asmjit</Filter>
    </ClInclude>
    <ClInclude Include="..\3rd\AsmJit\headers\Assembler.h">
      <Filter>3rd\asmjit</Filter>
    </ClInclude>
    <ClInclude Include="..\3rd\AsmJit\headers\AssemblerX86X64.h">
      <Filter>3rd\asmjit</Filter>
    </ClInclude>
    <ClInclude Include="..\3rd\AsmJit\headers\Build.h">
      <Filter>3rd\asmjit</Filter>
    </ClInclude>
    <ClInclude Include="..\3rd\AsmJit\headers\CodeGenerator.h">
      <Filter>3rd\asmjit</Filter>
    </ClInclude>
    <ClInclude Include="..\3rd\AsmJit\headers\Compiler.h">
      <Filter>3rd\asmjit</Filter>
    </ClInclude>
    <ClInclude Include="..\3rd\AsmJit\headers\CompilerX86X64.h">
      <Filter>3rd\asmjit</Filter>
    </ClInclude>
    <ClInclude Include="..\3rd\AsmJit\headers\Config.h">
      <Filter>3rd\asmjit</Filter>
    </ClInclude>
    <ClInclude Include="..\3rd\AsmJit\headers\CpuInfo.h">
      <Filter>3rd\asmjit</Filter>
    </ClInclude>
    <ClInclude Include="..\3rd\AsmJit\headers\Defs.h">
      <Filter>3rd\asmjit</Filter>
    </ClInclude>
    <ClInclude Include="..\3rd\AsmJit\headers\DefsX86X64.h">
      <Filter>3rd\asmjit</Filter>
    </ClInclude>
    <ClInclude Include="..\3rd\AsmJit\headers\Logger.h">
      <Filter>3rd\asmjit</Filter>
    </ClInclude>
    <ClInclude Include="..\3rd\AsmJit\headers\MemoryManager.h">
      <Filter>3rd\asmjit</Filter>
    </ClInclude>
    <ClInclude Include="..\3rd\AsmJit\headers\Operand.h">
      <Filter>3rd\asmjit</Filter>
    </ClInclude>
    <ClInclude Include="..\3rd\AsmJit\headers\OperandX86X64.h">
      <Filter>3rd\asmjit</Filter>
    </ClInclude>
    <ClInclude Include="..\3rd\AsmJit\headers\Platform.h">
      <Filter>3rd\asmjit</Filter>
    </ClInclude>
    <ClInclude Include="..\3rd\AsmJit\headers\Util.h">
      <Filter>3rd\asmjit</Filter>
    </ClInclude>
    <ClInclude Include="..\3rd\AsmJit\headers\Util_p.h">
      <Filter>3rd\asmjit</Filter>
    </ClInclude>
    <ClInclude Include="MemWork.h">
      <Filter>Technical</Filter>
    </ClInclude>
    <ClInclude Include="TemplateCh.h">
      <Filter>Technical</Filter>
    </ClInclude>
    <ClInclude Include="globals.h">
      <Filter>Source Files\data</Filter>
    </ClInclude>
    <ClInclude Include="SingleFbxMesh.h">
      <Filter>Features\fbxModels\drawer</Filter>
    </ClInclude>
    <ClInclude Include="tAutodeskMemoryStream.h">
      <Filter>Features\fbxModels\drawer</Filter>
    </ClInclude>
    <ClInclude Include="..\3rd\Autodesk\FBX\FBX SDK\2019.5\include\fbxsdk.h">
      <Filter>3rd\Autodesk\fbx sdk</Filter>
    </ClInclude>
    <ClInclude Include="fbxHelper.h">
      <Filter>Features\fbxModels\drawer</Filter>
    </ClInclude>
    <ClInclude Include="eopSounds.h">
      <Filter>Features\soundThings</Filter>
    </ClInclude>
    <ClInclude Include="battlemapWorker.h">
      <Filter>Features\battlemapWorker</Filter>
    </ClInclude>
    <ClInclude Include="DeveloperMode.h">
      <Filter>Features\DeveloperMode</Filter>
    </ClInclude>
    <ClInclude Include="BattleMapOverrider.h">
      <Filter>Features\DeveloperMode\BattleMapOverrider</Filter>
    </ClInclude>
    <ClInclude Include="MmbMover.h">
      <Filter>Features\mmbMover</Filter>
    </ClInclude>
    <ClInclude Include="Injects.h">
      <Filter>Source Files\injections</Filter>
    </ClInclude>
    <ClInclude Include="ContextMenuStrat.h">
      <Filter>Features\ContextMenuStrat</Filter>
    </ClInclude>
    <ClInclude Include="casModelsDrawer.h">
      <Filter>Features\casModelsDrawer</Filter>
    </ClInclude>
    <ClInclude Include="..\3rd\discord\achievement_manager.h">
      <Filter>3rd\discord</Filter>
    </ClInclude>
    <ClInclude Include="..\3rd\discord\activity_manager.h">
      <Filter>3rd\discord</Filter>
    </ClInclude>
    <ClInclude Include="..\3rd\discord\application_manager.h">
      <Filter>3rd\discord</Filter>
    </ClInclude>
    <ClInclude Include="..\3rd\discord\core.h">
      <Filter>3rd\discord</Filter>
    </ClInclude>
    <ClInclude Include="..\3rd\discord\discord.h">
      <Filter>3rd\discord</Filter>
    </ClInclude>
    <ClInclude Include="..\3rd\discord\event.h">
      <Filter>3rd\discord</Filter>
    </ClInclude>
    <ClInclude Include="..\3rd\discord\ffi.h">
      <Filter>3rd\discord</Filter>
    </ClInclude>
    <ClInclude Include="..\3rd\discord\image_manager.h">
      <Filter>3rd\discord</Filter>
    </ClInclude>
    <ClInclude Include="..\3rd\discord\lobby_manager.h">
      <Filter>3rd\discord</Filter>
    </ClInclude>
    <ClInclude Include="..\3rd\discord\network_manager.h">
      <Filter>3rd\discord</Filter>
    </ClInclude>
    <ClInclude Include="..\3rd\discord\overlay_manager.h">
      <Filter>3rd\discord</Filter>
    </ClInclude>
    <ClInclude Include="..\3rd\discord\relationship_manager.h">
      <Filter>3rd\discord</Filter>
    </ClInclude>
    <ClInclude Include="..\3rd\discord\storage_manager.h">
      <Filter>3rd\discord</Filter>
    </ClInclude>
    <ClInclude Include="..\3rd\discord\store_manager.h">
      <Filter>3rd\discord</Filter>
    </ClInclude>
    <ClInclude Include="..\3rd\discord\types.h">
      <Filter>3rd\discord</Filter>
    </ClInclude>
    <ClInclude Include="..\3rd\discord\user_manager.h">
      <Filter>3rd\discord</Filter>
    </ClInclude>
    <ClInclude Include="..\3rd\discord\voice_manager.h">
      <Filter>3rd\discord</Filter>
    </ClInclude>
    <ClInclude Include="TexturesManager.h">
      <Filter>Technical\texturesManager</Filter>
    </ClInclude>
    <ClInclude Include="MapTextDrawer.h">
      <Filter>Features\mapTextDrawer</Filter>
    </ClInclude>
    <ClInclude Include="PlannedRetreatRoute.h">
      <Filter>Features\Retreats\PlannedRetreatRoute</Filter>
    </ClInclude>
    <ClInclude Include="..\3rd\shortestPath\micropather.h">
      <Filter>3rd\shortestPath</Filter>
    </ClInclude>
    <ClInclude Include="PathMap.h">
      <Filter>Features\pathFinding</Filter>
    </ClInclude>
    <ClInclude Include="RetreatRoutes.h">
      <Filter>Features\Retreats\PlannedRetreatRoute</Filter>
    </ClInclude>
    <ClInclude Include="Retreater.h">
      <Filter>Features\Retreats\Retreater</Filter>
    </ClInclude>
    <ClInclude Include="..\3rd\cpptoml\cpptoml.h">
      <Filter>Headers</Filter>
    </ClInclude>
    <ClInclude Include="imgui\ImFileDialog.h">
      <Filter>Headers</Filter>
    </ClInclude>
    <ClInclude Include="console.h">
      <Filter>Headers</Filter>
    </ClInclude>
    <ClInclude Include="cultures.h">
      <Filter>Headers</Filter>
    </ClInclude>
    <ClInclude Include="eopFbxHelpers.h">
      <Filter>Headers</Filter>
    </ClInclude>
    <ClInclude Include="graphicsEvents.h">
      <Filter>Headers</Filter>
    </ClInclude>
    <ClInclude Include="imgui\eopImgui.h">
      <Filter>Headers</Filter>
    </ClInclude>
    <ClInclude Include="imgui\imconfig.h">
      <Filter>Headers</Filter>
    </ClInclude>
    <ClInclude Include="imgui\imgui.h">
      <Filter>Headers</Filter>
    </ClInclude>
    <ClInclude Include="imgui\imgui_impl_dx9.h">
      <Filter>Headers</Filter>
    </ClInclude>
    <ClInclude Include="imgui\imgui_impl_win32.h">
      <Filter>Headers</Filter>
    </ClInclude>
    <ClInclude Include="imgui\imgui_internal.h">
      <Filter>Headers</Filter>
    </ClInclude>
    <ClInclude Include="imgui\imgui_stdlib.h">
      <Filter>Headers</Filter>
    </ClInclude>
    <ClInclude Include="imgui\imstb_rectpack.h">
      <Filter>Headers</Filter>
    </ClInclude>
    <ClInclude Include="imgui\imstb_textedit.h">
      <Filter>Headers</Filter>
    </ClInclude>
    <ClInclude Include="imgui\imstb_truetype.h">
      <Filter>Headers</Filter>
    </ClInclude>
    <ClInclude Include="imgui\sol_ImGui.h">
      <Filter>Headers</Filter>
    </ClInclude>
    <ClInclude Include="gameStringHelpers.h">
      <Filter>Headers</Filter>
    </ClInclude>
    <ClInclude Include="luaPlugin.h">
      <Filter>Headers</Filter>
    </ClInclude>
    <ClInclude Include="resource.h">
      <Filter>Headers</Filter>
    </ClInclude>
    <ClInclude Include="tacticalMapViewer.h">
      <Filter>Headers</Filter>
    </ClInclude>
    <ClInclude Include="types\army.h">
      <Filter>Headers</Filter>
    </ClInclude>
    <ClInclude Include="types\battle.h">
      <Filter>Headers</Filter>
    </ClInclude>
    <ClInclude Include="types\campaign.h">
      <Filter>Headers</Filter>
    </ClInclude>
    <ClInclude Include="types\campaignDb.h">
      <Filter>Headers</Filter>
    </ClInclude>
    <ClInclude Include="types\character.h">
      <Filter>Headers</Filter>
    </ClInclude>
    <ClInclude Include="types\characterRecord.h">
      <Filter>Headers</Filter>
    </ClInclude>
    <ClInclude Include="types\eopBuildings.h">
      <Filter>Headers</Filter>
    </ClInclude>
    <ClInclude Include="types\eopdu.h">
      <Filter>Headers</Filter>
    </ClInclude>
    <ClInclude Include="types\events.h">
      <Filter>Headers</Filter>
    </ClInclude>
    <ClInclude Include="types\faction.h">
      <Filter>Headers</Filter>
    </ClInclude>
    <ClInclude Include="types\fort.h">
      <Filter>Headers</Filter>
    </ClInclude>
    <ClInclude Include="types\gameHelpers.h">
      <Filter>Headers</Filter>
    </ClInclude>
    <ClInclude Include="types\gameUi.h">
      <Filter>Headers</Filter>
    </ClInclude>
    <ClInclude Include="types\mapImage.h">
      <Filter>Headers</Filter>
    </ClInclude>
    <ClInclude Include="types\strategyMap.h">
      <Filter>Headers</Filter>
    </ClInclude>
    <ClInclude Include="types\settlement.h">
      <Filter>Headers</Filter>
    </ClInclude>
    <ClInclude Include="types\unit.h">
      <Filter>Headers</Filter>
    </ClInclude>
    <ClInclude Include="types\campaignAi.h">
      <Filter>Headers</Filter>
    </ClInclude>
    <ClInclude Include="types\rebelFactions.h">
      <Filter>Headers</Filter>
    </ClInclude>
    <ClInclude Include="eopVideos.h">
      <Filter>Features\videoThings</Filter>
    </ClInclude>
    <ClInclude Include="eopVideo.h">
      <Filter>Features\videoThings</Filter>
    </ClInclude>
  </ItemGroup>
  <ItemGroup>
    <ClCompile Include="dllmain.cpp">
      <Filter>Source Files</Filter>
    </ClCompile>
    <ClCompile Include="pch.cpp">
      <Filter>Source Files</Filter>
    </ClCompile>
    <ClCompile Include="managerF.cpp">
      <Filter>Source Files</Filter>
    </ClCompile>
    <ClCompile Include="patchesForGame.cpp">
      <Filter>Source Files</Filter>
    </ClCompile>
    <ClCompile Include="functionsOffsets.cpp">
      <Filter>Source Files\data</Filter>
    </ClCompile>
    <ClCompile Include="dataOffsets.cpp">
      <Filter>Source Files\data</Filter>
    </ClCompile>
    <ClCompile Include="techFuncs.cpp">
      <Filter>Source Files\functions</Filter>
    </ClCompile>
    <ClCompile Include="stratModelsChange.cpp">
      <Filter>Features\stratModels</Filter>
    </ClCompile>
    <ClCompile Include="stratModelsHelper.cpp">
      <Filter>Features\stratModels</Filter>
    </ClCompile>
    <ClCompile Include="discordManager.cpp">
      <Filter>Source Files\functions\stratActions</Filter>
    </ClCompile>
    <ClCompile Include="jsonManager.cpp">
      <Filter>Source Files\functions\stratActions</Filter>
    </ClCompile>
    <ClCompile Include="tilesChange.cpp">
      <Filter>Features\customTiles</Filter>
    </ClCompile>
    <ClCompile Include="graphicsD3D.cpp">
      <Filter>3rd\dif</Filter>
    </ClCompile>
    <ClCompile Include="technicalStringsFuncs.cpp">
      <Filter>Source Files\functions</Filter>
    </ClCompile>
    <ClCompile Include="..\3rd\miniz\miniz.c">
      <Filter>3rd\miniz</Filter>
    </ClCompile>
    <ClCompile Include="stratModelsOptimise.cpp">
      <Filter>Features\stratModels</Filter>
    </ClCompile>
    <ClCompile Include="onlineThings.cpp">
      <Filter>Features\onlineThings</Filter>
    </ClCompile>
    <ClCompile Include="fbxModels.cpp">
      <Filter>Features\fbxModels</Filter>
    </ClCompile>
    <ClCompile Include="onlineThings2.cpp">
      <Filter>Features\onlineThings</Filter>
    </ClCompile>
    <ClCompile Include="m2tweopMap.cpp">
      <Filter>Features\interactiveMap</Filter>
    </ClCompile>
    <ClCompile Include="m2tweopTile.cpp">
      <Filter>Features\interactiveMap</Filter>
    </ClCompile>
    <ClCompile Include="settlementConversionLvlSetter.cpp">
      <Filter>Features\settlementConversionLvlSetter</Filter>
    </ClCompile>
    <ClCompile Include="..\3rd\AsmJit\headers\Assembler.cpp">
      <Filter>3rd\asmjit</Filter>
    </ClCompile>
    <ClCompile Include="..\3rd\AsmJit\headers\AssemblerX86X64.cpp">
      <Filter>3rd\asmjit</Filter>
    </ClCompile>
    <ClCompile Include="..\3rd\AsmJit\headers\CodeGenerator.cpp">
      <Filter>3rd\asmjit</Filter>
    </ClCompile>
    <ClCompile Include="..\3rd\AsmJit\headers\Compiler.cpp">
      <Filter>3rd\asmjit</Filter>
    </ClCompile>
    <ClCompile Include="..\3rd\AsmJit\headers\CompilerX86X64.cpp">
      <Filter>3rd\asmjit</Filter>
    </ClCompile>
    <ClCompile Include="..\3rd\AsmJit\headers\CpuInfo.cpp">
      <Filter>3rd\asmjit</Filter>
    </ClCompile>
    <ClCompile Include="..\3rd\AsmJit\headers\Defs.cpp">
      <Filter>3rd\asmjit</Filter>
    </ClCompile>
    <ClCompile Include="..\3rd\AsmJit\headers\DefsX86X64.cpp">
      <Filter>3rd\asmjit</Filter>
    </ClCompile>
    <ClCompile Include="..\3rd\AsmJit\headers\Logger.cpp">
      <Filter>3rd\asmjit</Filter>
    </ClCompile>
    <ClCompile Include="..\3rd\AsmJit\headers\MemoryManager.cpp">
      <Filter>3rd\asmjit</Filter>
    </ClCompile>
    <ClCompile Include="..\3rd\AsmJit\headers\Operand.cpp">
      <Filter>3rd\asmjit</Filter>
    </ClCompile>
    <ClCompile Include="..\3rd\AsmJit\headers\OperandX86X64.cpp">
      <Filter>3rd\asmjit</Filter>
    </ClCompile>
    <ClCompile Include="..\3rd\AsmJit\headers\Platform.cpp">
      <Filter>3rd\asmjit</Filter>
    </ClCompile>
    <ClCompile Include="..\3rd\AsmJit\headers\Util.cpp">
      <Filter>3rd\asmjit</Filter>
    </ClCompile>
    <ClCompile Include="MemWork.cpp">
      <Filter>Technical</Filter>
    </ClCompile>
    <ClCompile Include="TemplateCh.cpp">
      <Filter>Technical</Filter>
    </ClCompile>
    <ClCompile Include="globals.cpp">
      <Filter>Source Files\data</Filter>
    </ClCompile>
    <ClCompile Include="SingleFbxMesh.cpp">
      <Filter>Features\fbxModels\drawer</Filter>
    </ClCompile>
    <ClCompile Include="tAutodeskMemoryStream.cpp">
      <Filter>Features\fbxModels\drawer</Filter>
    </ClCompile>
    <ClCompile Include="fbxHelper.cpp">
      <Filter>Features\fbxModels\drawer</Filter>
    </ClCompile>
    <ClCompile Include="eopSounds.cpp">
      <Filter>Features\soundThings</Filter>
    </ClCompile>
    <ClCompile Include="battlemapWorker.cpp">
      <Filter>Features\battlemapWorker</Filter>
    </ClCompile>
    <ClCompile Include="DeveloperMode.cpp">
      <Filter>Features\DeveloperMode</Filter>
    </ClCompile>
    <ClCompile Include="BattleMapOverrider.cpp">
      <Filter>Features\DeveloperMode\BattleMapOverrider</Filter>
    </ClCompile>
    <ClCompile Include="MmbMover.cpp">
      <Filter>Features\mmbMover</Filter>
    </ClCompile>
    <ClCompile Include="Injects.cpp">
      <Filter>Source Files\injections</Filter>
    </ClCompile>
    <ClCompile Include="ContextMenuStrat.cpp">
      <Filter>Features\ContextMenuStrat</Filter>
    </ClCompile>
    <ClCompile Include="casModelsDrawer.cpp">
      <Filter>Features\casModelsDrawer</Filter>
    </ClCompile>
    <ClCompile Include="..\3rd\discord\achievement_manager.cpp">
      <Filter>3rd\discord</Filter>
    </ClCompile>
    <ClCompile Include="..\3rd\discord\activity_manager.cpp">
      <Filter>3rd\discord</Filter>
    </ClCompile>
    <ClCompile Include="..\3rd\discord\application_manager.cpp">
      <Filter>3rd\discord</Filter>
    </ClCompile>
    <ClCompile Include="..\3rd\discord\core.cpp">
      <Filter>3rd\discord</Filter>
    </ClCompile>
    <ClCompile Include="..\3rd\discord\image_manager.cpp">
      <Filter>3rd\discord</Filter>
    </ClCompile>
    <ClCompile Include="..\3rd\discord\lobby_manager.cpp">
      <Filter>3rd\discord</Filter>
    </ClCompile>
    <ClCompile Include="..\3rd\discord\network_manager.cpp">
      <Filter>3rd\discord</Filter>
    </ClCompile>
    <ClCompile Include="..\3rd\discord\overlay_manager.cpp">
      <Filter>3rd\discord</Filter>
    </ClCompile>
    <ClCompile Include="..\3rd\discord\relationship_manager.cpp">
      <Filter>3rd\discord</Filter>
    </ClCompile>
    <ClCompile Include="..\3rd\discord\storage_manager.cpp">
      <Filter>3rd\discord</Filter>
    </ClCompile>
    <ClCompile Include="..\3rd\discord\store_manager.cpp">
      <Filter>3rd\discord</Filter>
    </ClCompile>
    <ClCompile Include="..\3rd\discord\types.cpp">
      <Filter>3rd\discord</Filter>
    </ClCompile>
    <ClCompile Include="..\3rd\discord\user_manager.cpp">
      <Filter>3rd\discord</Filter>
    </ClCompile>
    <ClCompile Include="..\3rd\discord\voice_manager.cpp">
      <Filter>3rd\discord</Filter>
    </ClCompile>
    <ClCompile Include="TexturesManager.cpp">
      <Filter>Technical\texturesManager</Filter>
    </ClCompile>
    <ClCompile Include="MapTextDrawer.cpp">
      <Filter>Features\mapTextDrawer</Filter>
    </ClCompile>
    <ClCompile Include="PlannedRetreatRoute.cpp">
      <Filter>Features\Retreats\PlannedRetreatRoute</Filter>
    </ClCompile>
    <ClCompile Include="..\3rd\shortestPath\micropather.cpp">
      <Filter>3rd\shortestPath</Filter>
    </ClCompile>
    <ClCompile Include="PathMap.cpp">
      <Filter>Features\pathFinding</Filter>
    </ClCompile>
    <ClCompile Include="Retreater.cpp">
      <Filter>Features\Retreats\Retreater</Filter>
    </ClCompile>
    <ClCompile Include="themeManager.cpp">
      <Filter>Source Files</Filter>
    </ClCompile>
    <ClCompile Include="console.cpp">
      <Filter>Source Files</Filter>
    </ClCompile>
    <ClCompile Include="cultures.cpp">
      <Filter>Source Files</Filter>
    </ClCompile>
    <ClCompile Include="eopFbxHelpers.cpp">
      <Filter>Source Files</Filter>
    </ClCompile>
    <ClCompile Include="graphicsEvents.cpp">
      <Filter>Source Files</Filter>
    </ClCompile>
    <ClCompile Include="imgui\eopImgui.cpp">
      <Filter>Source Files</Filter>
    </ClCompile>
    <ClCompile Include="imgui\ImFileDialog.cpp">
      <Filter>Source Files</Filter>
    </ClCompile>
    <ClCompile Include="imgui\imgui.cpp">
      <Filter>Source Files</Filter>
    </ClCompile>
    <ClCompile Include="imgui\imgui_demo.cpp">
      <Filter>Source Files</Filter>
    </ClCompile>
    <ClCompile Include="imgui\imgui_draw.cpp">
      <Filter>Source Files</Filter>
    </ClCompile>
    <ClCompile Include="imgui\imgui_impl_dx9.cpp">
      <Filter>Source Files</Filter>
    </ClCompile>
    <ClCompile Include="imgui\imgui_impl_win32.cpp">
      <Filter>Source Files</Filter>
    </ClCompile>
    <ClCompile Include="imgui\imgui_stdlib.cpp">
      <Filter>Source Files</Filter>
    </ClCompile>
    <ClCompile Include="imgui\imgui_tables.cpp">
      <Filter>Source Files</Filter>
    </ClCompile>
    <ClCompile Include="imgui\imgui_widgets.cpp">
      <Filter>Source Files</Filter>
    </ClCompile>
    <ClCompile Include="imgui\sol_ImGui.cpp">
      <Filter>Source Files</Filter>
    </ClCompile>
    <ClCompile Include="imgui\sol_ImGui_enums.cpp">
      <Filter>Source Files</Filter>
    </ClCompile>
    <ClCompile Include="imgui\sol_ImGui_enums2.cpp">
      <Filter>Source Files</Filter>
    </ClCompile>
    <ClCompile Include="imgui\sol_ImGui_keys.cpp">
      <Filter>Source Files</Filter>
    </ClCompile>
    <ClCompile Include="gameStringHelpers.cpp">
      <Filter>Source Files</Filter>
    </ClCompile>
    <ClCompile Include="luaEop3dObjects.cpp">
      <Filter>Source Files</Filter>
    </ClCompile>
    <ClCompile Include="luaFbx.cpp">
      <Filter>Source Files</Filter>
    </ClCompile>
    <ClCompile Include="luaLegacy.cpp">
      <Filter>Source Files</Filter>
    </ClCompile>
    <ClCompile Include="luaPlugin.cpp">
      <Filter>Source Files</Filter>
    </ClCompile>
    <ClCompile Include="luaEnums.cpp">
      <Filter>Source Files</Filter>
    </ClCompile>
    <ClCompile Include="luaSounds.cpp">
      <Filter>Source Files</Filter>
    </ClCompile>
    <ClCompile Include="tacticalMapViewer.cpp">
      <Filter>Source Files</Filter>
    </ClCompile>
    <ClCompile Include="types\army.cpp">
      <Filter>Source Files</Filter>
    </ClCompile>
    <ClCompile Include="types\battle.cpp">
      <Filter>Source Files</Filter>
    </ClCompile>
    <ClCompile Include="types\campaign.cpp">
      <Filter>Source Files</Filter>
    </ClCompile>
    <ClCompile Include="types\campaignDb.cpp">
      <Filter>Source Files</Filter>
    </ClCompile>
    <ClCompile Include="types\character.cpp">
      <Filter>Source Files</Filter>
    </ClCompile>
    <ClCompile Include="types\characterRecord.cpp">
      <Filter>Source Files</Filter>
    </ClCompile>
    <ClCompile Include="types\eopBuildings.cpp">
      <Filter>Source Files</Filter>
    </ClCompile>
    <ClCompile Include="types\eopdu.cpp">
      <Filter>Source Files</Filter>
    </ClCompile>
    <ClCompile Include="types\events.cpp">
      <Filter>Source Files</Filter>
    </ClCompile>
    <ClCompile Include="types\faction.cpp">
      <Filter>Source Files</Filter>
    </ClCompile>
    <ClCompile Include="types\fort.cpp">
      <Filter>Source Files</Filter>
    </ClCompile>
    <ClCompile Include="types\gameHelpers.cpp">
      <Filter>Source Files</Filter>
    </ClCompile>
    <ClCompile Include="types\gameUi.cpp">
      <Filter>Source Files</Filter>
    </ClCompile>
    <ClCompile Include="types\mapImage.cpp">
      <Filter>Source Files</Filter>
    </ClCompile>
    <ClCompile Include="types\strategyMap.cpp">
      <Filter>Source Files</Filter>
    </ClCompile>
    <ClCompile Include="types\settlement.cpp">
      <Filter>Source Files</Filter>
    </ClCompile>
    <ClCompile Include="types\unit.cpp">
      <Filter>Source Files</Filter>
    </ClCompile>
    <ClCompile Include="types\campaignAi.cpp">
      <Filter>Source Files</Filter>
    </ClCompile>
    <ClCompile Include="types\rebelFactions.cpp">
      <Filter>Source Files</Filter>
    </ClCompile>
    <ClCompile Include="eopVideos.cpp">
      <Filter>Features\videoThings</Filter>
    </ClCompile>
    <ClCompile Include="eopVideo.cpp">
      <Filter>Features\videoThings</Filter>
    </ClCompile>
  </ItemGroup>
  <ItemGroup>
    <None Include="..\3rd\AsmJit\headers\Regenerate.py">
      <Filter>3rd\asmjit</Filter>
    </None>
  </ItemGroup>
  <ItemGroup>
    <Text Include="notes.txt">
      <Filter>Resources</Filter>
    </Text>
  </ItemGroup>
</Project>