<?xml version="1.0" encoding="utf-8"?>
<Project ToolsVersion="4.0" xmlns="http://schemas.microsoft.com/developer/msbuild/2003">
  <ItemGroup>
    <Filter Include="Исходные файлы">
      <UniqueIdentifier>{4FC737F1-C7A5-4376-A066-2A32D752A2FF}</UniqueIdentifier>
      <Extensions>cpp;c;cc;cxx;c++;cppm;ixx;def;odl;idl;hpj;bat;asm;asmx</Extensions>
    </Filter>
    <Filter Include="Файлы заголовков">
      <UniqueIdentifier>{93995380-89BD-4b04-88EB-625FBE52EBFB}</UniqueIdentifier>
      <Extensions>h;hh;hpp;hxx;h++;hm;inl;inc;ipp;xsd</Extensions>
    </Filter>
    <Filter Include="Файлы ресурсов">
      <UniqueIdentifier>{67DA6AB6-F800-4c08-8B7A-83BB121AAD01}</UniqueIdentifier>
      <Extensions>rc;ico;cur;bmp;dlg;rc2;rct;bin;rgs;gif;jpg;jpeg;jpe;resx;tiff;tif;png;wav;mfcribbon-ms</Extensions>
    </Filter>
    <Filter Include="Исходные файлы\patches">
      <UniqueIdentifier>{1cf21b73-d1af-4f3d-817a-f5fdd38476b0}</UniqueIdentifier>
    </Filter>
    <Filter Include="Исходные файлы\patches\age">
      <UniqueIdentifier>{07cb20c7-182b-4ca1-abea-d0dbad39b1f0}</UniqueIdentifier>
    </Filter>
    <Filter Include="Исходные файлы\functions">
      <UniqueIdentifier>{d903120e-49a3-49db-a7e1-a77675c88a12}</UniqueIdentifier>
    </Filter>
    <Filter Include="Исходные файлы\data">
      <UniqueIdentifier>{5f3b32ac-aa3b-43cf-bf59-9c4ac0419cfe}</UniqueIdentifier>
    </Filter>
    <Filter Include="Исходные файлы\plugins">
      <UniqueIdentifier>{7fb9a0ac-6486-4112-9091-a66dd0d09210}</UniqueIdentifier>
    </Filter>
    <Filter Include="3rd">
      <UniqueIdentifier>{0870bfe6-27b0-4971-95bf-ba78b5f8bb45}</UniqueIdentifier>
    </Filter>
    <Filter Include="Исходные файлы\patches\stratModels">
      <UniqueIdentifier>{163579f2-3b06-44da-a4c2-c5c503d2a458}</UniqueIdentifier>
    </Filter>
    <Filter Include="Исходные файлы\test">
      <UniqueIdentifier>{0b7b204c-6c52-411c-94ec-821c09dd0b5d}</UniqueIdentifier>
    </Filter>
    <Filter Include="Исходные файлы\functions\stratActions">
      <UniqueIdentifier>{8ef46b92-8ece-4f87-991a-ea1a258343de}</UniqueIdentifier>
    </Filter>
    <Filter Include="Исходные файлы\patches\customTiles">
      <UniqueIdentifier>{1aadcecd-f914-4bad-bb50-518337da8fc7}</UniqueIdentifier>
    </Filter>
    <Filter Include="Исходные файлы\functions\helpers">
      <UniqueIdentifier>{c677d152-1df7-4e3a-8261-58aa8474622d}</UniqueIdentifier>
    </Filter>
    <Filter Include="technical">
      <UniqueIdentifier>{d733bb66-83ba-4b7e-9b16-3ce5c6645050}</UniqueIdentifier>
    </Filter>
    <Filter Include="3rd\imgui">
      <UniqueIdentifier>{11e30860-952e-4871-8dcd-d72d7457ba21}</UniqueIdentifier>
    </Filter>
    <Filter Include="Исходные файлы\headers">
      <UniqueIdentifier>{42fce446-d3b7-4127-9bd3-720caccfbc87}</UniqueIdentifier>
    </Filter>
    <Filter Include="3rd\miniz">
      <UniqueIdentifier>{2d701366-815a-4653-8b91-008a98f3ce33}</UniqueIdentifier>
    </Filter>
    <Filter Include="3rd\json">
      <UniqueIdentifier>{cfef3814-4ac2-4e6e-a30d-2a51e64b8055}</UniqueIdentifier>
    </Filter>
    <Filter Include="3rd\ImNotify">
      <UniqueIdentifier>{d71c722e-322d-4461-9d75-db85485afcb5}</UniqueIdentifier>
    </Filter>
    <Filter Include="feathures">
      <UniqueIdentifier>{f478812c-bb51-4383-891a-49ea7fcb576d}</UniqueIdentifier>
    </Filter>
    <Filter Include="feathures\eduThings">
      <UniqueIdentifier>{bf155e05-95f7-4050-ab15-28d5f001fc7f}</UniqueIdentifier>
    </Filter>
    <Filter Include="feathures\fbxStrat">
      <UniqueIdentifier>{775825f1-801f-474d-8bd8-c4f5f50e98e3}</UniqueIdentifier>
    </Filter>
    <Filter Include="feathures\onlineThings">
      <UniqueIdentifier>{2143ae68-fb3b-4946-8cb2-460523c5e8cd}</UniqueIdentifier>
    </Filter>
    <Filter Include="3rd\dif">
      <UniqueIdentifier>{4b98bd9a-21b5-472b-b96c-8f030f7277b2}</UniqueIdentifier>
    </Filter>
    <Filter Include="feathures\interactiveMap">
      <UniqueIdentifier>{df1d3dd5-dd44-48fa-a37b-7cef17561e76}</UniqueIdentifier>
    </Filter>
  </ItemGroup>
  <ItemGroup>
    <ClInclude Include="framework.h">
      <Filter>Файлы заголовков</Filter>
    </ClInclude>
    <ClInclude Include="pch.h">
      <Filter>Файлы заголовков</Filter>
    </ClInclude>
    <ClInclude Include="managerF.h">
      <Filter>Файлы заголовков</Filter>
    </ClInclude>
    <ClInclude Include="Injects.h">
      <Filter>Файлы заголовков</Filter>
    </ClInclude>
    <ClInclude Include="agePatch.h">
      <Filter>Исходные файлы\patches\age</Filter>
    </ClInclude>
    <ClInclude Include="patchesForGame.h">
      <Filter>Файлы заголовков</Filter>
    </ClInclude>
    <ClInclude Include="functionsOffsets.h">
      <Filter>Исходные файлы\data</Filter>
    </ClInclude>
    <ClInclude Include="plugins.h">
      <Filter>Исходные файлы\plugins</Filter>
    </ClInclude>
    <ClInclude Include="eventsCodes.h">
      <Filter>Исходные файлы\data</Filter>
    </ClInclude>
    <ClInclude Include="fastFuncts.h">
      <Filter>Исходные файлы\functions</Filter>
    </ClInclude>
    <ClInclude Include="globals.h">
      <Filter>Исходные файлы\data</Filter>
    </ClInclude>
    <ClInclude Include="dataOffsets.h">
      <Filter>Исходные файлы\data</Filter>
    </ClInclude>
    <ClInclude Include="techFuncs.h">
      <Filter>Исходные файлы\functions</Filter>
    </ClInclude>
    <ClInclude Include="stratModelsChange.h">
      <Filter>Исходные файлы\patches\stratModels</Filter>
    </ClInclude>
    <ClInclude Include="tests.h">
      <Filter>Исходные файлы\test</Filter>
    </ClInclude>
    <ClInclude Include="actionsStrat.h">
      <Filter>Исходные файлы\functions\stratActions</Filter>
    </ClInclude>
    <ClInclude Include="tilesChange.h">
      <Filter>Исходные файлы\patches\customTiles</Filter>
    </ClInclude>
    <ClInclude Include="fastFunctsHelpers.h">
      <Filter>Исходные файлы\functions\helpers</Filter>
    </ClInclude>
    <ClInclude Include="graphicsD3D.h">
      <Filter>3rd\dif</Filter>
    </ClInclude>
    <ClInclude Include="exportHeader.h">
      <Filter>Файлы заголовков</Filter>
    </ClInclude>
    <ClInclude Include="..\3rd\imgui\imconfig.h">
      <Filter>3rd\imgui</Filter>
    </ClInclude>
    <ClInclude Include="..\3rd\imgui\imgui.h">
      <Filter>3rd\imgui</Filter>
    </ClInclude>
    <ClInclude Include="..\3rd\imgui\imgui_impl_dx9.h">
      <Filter>3rd\imgui</Filter>
    </ClInclude>
    <ClInclude Include="..\3rd\imgui\imgui_impl_win32.h">
      <Filter>3rd\imgui</Filter>
    </ClInclude>
    <ClInclude Include="..\3rd\imgui\imgui_internal.h">
      <Filter>3rd\imgui</Filter>
    </ClInclude>
    <ClInclude Include="..\3rd\imgui\imstb_rectpack.h">
      <Filter>3rd\imgui</Filter>
    </ClInclude>
    <ClInclude Include="..\3rd\imgui\imstb_textedit.h">
      <Filter>3rd\imgui</Filter>
    </ClInclude>
    <ClInclude Include="..\3rd\imgui\imstb_truetype.h">
      <Filter>3rd\imgui</Filter>
    </ClInclude>
    <ClInclude Include="headersMEM.h">
      <Filter>Исходные файлы\headers</Filter>
    </ClInclude>
    <ClInclude Include="headersSTD.h">
      <Filter>Исходные файлы\headers</Filter>
    </ClInclude>
    <ClInclude Include="headersGraphics.h">
      <Filter>Исходные файлы\headers</Filter>
    </ClInclude>
    <ClInclude Include="TemplateCh.h">
      <Filter>technical</Filter>
    </ClInclude>
    <ClInclude Include="C:\Users\COMP\vcpkg\installed\x86-windows-static-md\include\MinHook.h">
      <Filter>technical</Filter>
    </ClInclude>
    <ClInclude Include="MemWork.h">
      <Filter>technical</Filter>
    </ClInclude>
    <ClInclude Include="technicalStringsFuncs.h">
      <Filter>Исходные файлы\functions</Filter>
    </ClInclude>
    <ClInclude Include="smallFuncs.h">
      <Filter>Исходные файлы\functions</Filter>
    </ClInclude>
    <ClInclude Include="..\3rd\imgui\eopImgui.h">
      <Filter>3rd\imgui</Filter>
    </ClInclude>
    <ClInclude Include="..\3rd\miniz\miniz.h">
      <Filter>3rd\miniz</Filter>
    </ClInclude>
    <ClInclude Include="stratModelsOptimise.h">
      <Filter>Исходные файлы\patches\stratModels</Filter>
    </ClInclude>
    <ClInclude Include="realGameTypes.h">
      <Filter>Файлы ресурсов</Filter>
    </ClInclude>
    <ClInclude Include="onlineThings.h">
      <Filter>feathures\onlineThings</Filter>
    </ClInclude>
    <ClInclude Include="..\3rd\nlohmann\json.hpp">
      <Filter>3rd\json</Filter>
    </ClInclude>
    <ClInclude Include="..\3rd\ImNotify\fa_solid_900.h">
      <Filter>3rd\ImNotify</Filter>
    </ClInclude>
    <ClInclude Include="..\3rd\ImNotify\font_awesome_5.h">
      <Filter>3rd\ImNotify</Filter>
    </ClInclude>
    <ClInclude Include="..\3rd\ImNotify\imgui_notify.h">
      <Filter>3rd\ImNotify</Filter>
    </ClInclude>
    <ClInclude Include="eduThings.h">
      <Filter>feathures\eduThings</Filter>
    </ClInclude>
    <ClInclude Include="eduFastFuncts.h">
      <Filter>feathures\eduThings</Filter>
    </ClInclude>
    <ClInclude Include="fbxModels.h">
      <Filter>feathures\fbxStrat</Filter>
    </ClInclude>
    <ClInclude Include="onlineThings2.h">
      <Filter>feathures\onlineThings</Filter>
    </ClInclude>
    <ClInclude Include="..\3rd\imgui\ImFileDialog.h">
      <Filter>3rd\imgui</Filter>
    </ClInclude>
    <ClInclude Include="..\3rd\imgui\stb_image.h">
      <Filter>3rd\imgui</Filter>
    </ClInclude>
    <ClInclude Include="..\3rd\imgui\imgui_stdlib.h">
      <Filter>3rd\imgui</Filter>
    </ClInclude>
    <ClInclude Include="m2tweopMap.h">
      <Filter>feathures\interactiveMap</Filter>
    </ClInclude>
    <ClInclude Include="m2tweopTile.h">
      <Filter>feathures\interactiveMap</Filter>
    </ClInclude>
    <ClInclude Include="m2tweopMapManager.h">
      <Filter>feathures\interactiveMap</Filter>
    </ClInclude>
  </ItemGroup>
  <ItemGroup>
    <ClCompile Include="dllmain.cpp">
      <Filter>Исходные файлы</Filter>
    </ClCompile>
    <ClCompile Include="pch.cpp">
      <Filter>Исходные файлы</Filter>
    </ClCompile>
    <ClCompile Include="managerF.cpp">
      <Filter>Исходные файлы</Filter>
    </ClCompile>
    <ClCompile Include="Injects.cpp">
      <Filter>Исходные файлы</Filter>
    </ClCompile>
    <ClCompile Include="agePatch.cpp">
      <Filter>Исходные файлы\patches\age</Filter>
    </ClCompile>
    <ClCompile Include="patchesForGame.cpp">
      <Filter>Исходные файлы</Filter>
    </ClCompile>
    <ClCompile Include="functionsOffsets.cpp">
      <Filter>Исходные файлы\data</Filter>
    </ClCompile>
    <ClCompile Include="plugins.cpp">
      <Filter>Исходные файлы\plugins</Filter>
    </ClCompile>
    <ClCompile Include="fastFuncts.cpp">
      <Filter>Исходные файлы\functions</Filter>
    </ClCompile>
    <ClCompile Include="dataOffsets.cpp">
      <Filter>Исходные файлы\data</Filter>
    </ClCompile>
    <ClCompile Include="techFuncs.cpp">
      <Filter>Исходные файлы\functions</Filter>
    </ClCompile>
    <ClCompile Include="stratModelsChange.cpp">
      <Filter>Исходные файлы\patches\stratModels</Filter>
    </ClCompile>
    <ClCompile Include="stratModelsHelper.cpp">
      <Filter>Исходные файлы\patches\stratModels</Filter>
    </ClCompile>
    <ClCompile Include="actionsStrat.cpp">
      <Filter>Исходные файлы\functions\stratActions</Filter>
    </ClCompile>
    <ClCompile Include="actionsStratHelpers.cpp">
      <Filter>Исходные файлы\functions\stratActions</Filter>
    </ClCompile>
    <ClCompile Include="tilesChange.cpp">
      <Filter>Исходные файлы\patches\customTiles</Filter>
    </ClCompile>
    <ClCompile Include="fastFunctsHelpers.cpp">
      <Filter>Исходные файлы\functions\helpers</Filter>
    </ClCompile>
    <ClCompile Include="graphicsD3D.cpp">
      <Filter>3rd\dif</Filter>
    </ClCompile>
    <ClCompile Include="MemWork.cpp">
      <Filter>technical</Filter>
    </ClCompile>
    <ClCompile Include="TemplateCh.cpp">
      <Filter>technical</Filter>
    </ClCompile>
    <ClCompile Include="..\3rd\imgui\imgui.cpp">
      <Filter>3rd\imgui</Filter>
    </ClCompile>
    <ClCompile Include="..\3rd\imgui\imgui_draw.cpp">
      <Filter>3rd\imgui</Filter>
    </ClCompile>
    <ClCompile Include="..\3rd\imgui\imgui_impl_dx9.cpp">
      <Filter>3rd\imgui</Filter>
    </ClCompile>
    <ClCompile Include="..\3rd\imgui\imgui_impl_win32.cpp">
      <Filter>3rd\imgui</Filter>
    </ClCompile>
    <ClCompile Include="..\3rd\imgui\imgui_tables.cpp">
      <Filter>3rd\imgui</Filter>
    </ClCompile>
    <ClCompile Include="..\3rd\imgui\imgui_widgets.cpp">
      <Filter>3rd\imgui</Filter>
    </ClCompile>
    <ClCompile Include="technicalStringsFuncs.cpp">
      <Filter>Исходные файлы\functions</Filter>
    </ClCompile>
    <ClCompile Include="globals.cpp">
      <Filter>Исходные файлы\data</Filter>
    </ClCompile>
    <ClCompile Include="smallFuncs.cpp">
      <Filter>Исходные файлы\functions</Filter>
    </ClCompile>
    <ClCompile Include="..\3rd\imgui\eopImgui.cpp">
      <Filter>3rd\imgui</Filter>
    </ClCompile>
    <ClCompile Include="..\3rd\miniz\miniz.c">
      <Filter>3rd\miniz</Filter>
    </ClCompile>
    <ClCompile Include="stratModelsOptimise.cpp">
      <Filter>Исходные файлы\patches\stratModels</Filter>
    </ClCompile>
    <ClCompile Include="onlineThings.cpp">
      <Filter>feathures\onlineThings</Filter>
    </ClCompile>
    <ClCompile Include="eduThings.cpp">
      <Filter>feathures\eduThings</Filter>
    </ClCompile>
    <ClCompile Include="eduFastFuncts.cpp">
      <Filter>feathures\eduThings</Filter>
    </ClCompile>
    <ClCompile Include="fbxModels.cpp">
      <Filter>feathures\fbxStrat</Filter>
    </ClCompile>
    <ClCompile Include="onlineThings2.cpp">
      <Filter>feathures\onlineThings</Filter>
    </ClCompile>
    <ClCompile Include="..\3rd\imgui\ImFileDialog.cpp">
      <Filter>3rd\imgui</Filter>
    </ClCompile>
    <ClCompile Include="..\3rd\imgui\imgui_stdlib.cpp">
      <Filter>3rd\imgui</Filter>
    </ClCompile>
    <ClCompile Include="m2tweopMap.cpp">
      <Filter>feathures\interactiveMap</Filter>
    </ClCompile>
    <ClCompile Include="m2tweopTile.cpp">
      <Filter>feathures\interactiveMap</Filter>
    </ClCompile>
    <ClCompile Include="m2tweopMapManager.cpp">
      <Filter>feathures\interactiveMap</Filter>
    </ClCompile>
    <ClCompile Include="..\3rd\imgui\imgui_demo.cpp">
      <Filter>3rd\imgui</Filter>
    </ClCompile>
  </ItemGroup>
  <ItemGroup>
    <None Include="cpp.hint" />
  </ItemGroup>
</Project>