<?xml version="1.0" encoding="utf-8"?>
<Project ToolsVersion="4.0" xmlns="http://schemas.microsoft.com/developer/msbuild/2003">
  <ItemGroup>
    <Filter Include="Исходные файлы">
      <UniqueIdentifier>{4FC737F1-C7A5-4376-A066-2A32D752A2FF}</UniqueIdentifier>
      <Extensions>cpp;c;cc;cxx;c++;cppm;ixx;def;odl;idl;hpj;bat;asm;asmx</Extensions>
    </Filter>
    <Filter Include="Файлы заголовков">
      <UniqueIdentifier>{93995380-89BD-4b04-88EB-625FBE52EBFB}</UniqueIdentifier>
      <Extensions>h;hh;hpp;hxx;h++;hm;inl;inc;ipp;xsd</Extensions>
    </Filter>
    <Filter Include="Файлы ресурсов">
      <UniqueIdentifier>{67DA6AB6-F800-4c08-8B7A-83BB121AAD01}</UniqueIdentifier>
      <Extensions>rc;ico;cur;bmp;dlg;rc2;rct;bin;rgs;gif;jpg;jpeg;jpe;resx;tiff;tif;png;wav;mfcribbon-ms</Extensions>
    </Filter>
    <Filter Include="3rd">
      <UniqueIdentifier>{a8713ec9-bb43-4929-8870-a3b85cf04d76}</UniqueIdentifier>
    </Filter>
    <Filter Include="3rd\imgui">
      <UniqueIdentifier>{d5fba55b-8fae-4732-9932-9553615d0d2f}</UniqueIdentifier>
    </Filter>
    <Filter Include="Исходные файлы\ui">
      <UniqueIdentifier>{3c1070f6-a501-4ef3-b6a7-ebc61fe40ff3}</UniqueIdentifier>
    </Filter>
    <Filter Include="Исходные файлы\helpers">
      <UniqueIdentifier>{6d12a968-8aa1-4af6-a826-83dea4c640d2}</UniqueIdentifier>
    </Filter>
    <Filter Include="Исходные файлы\data">
      <UniqueIdentifier>{a31a6197-c2a5-4808-a322-d0f3a9912817}</UniqueIdentifier>
    </Filter>
    <Filter Include="Исходные файлы\manager">
      <UniqueIdentifier>{94825a78-6035-4b4d-acb2-64b6203f5719}</UniqueIdentifier>
    </Filter>
    <Filter Include="Исходные файлы\ui\mod settings">
      <UniqueIdentifier>{badabc94-ff79-48af-afcc-d55647c7fb6d}</UniqueIdentifier>
    </Filter>
    <Filter Include="3rd\md4c">
      <UniqueIdentifier>{3b1b0c7a-5953-470e-8c8e-4bfaaf43fda5}</UniqueIdentifier>
    </Filter>
  </ItemGroup>
  <ItemGroup>
    <ClCompile Include="main.cpp">
      <Filter>Исходные файлы</Filter>
    </ClCompile>
    <ClCompile Include="aboutUI.cpp">
      <Filter>Исходные файлы\ui</Filter>
    </ClCompile>
    <ClCompile Include="helpers.cpp">
      <Filter>Исходные файлы\helpers</Filter>
    </ClCompile>
    <ClCompile Include="dataG.cpp">
      <Filter>Исходные файлы\data</Filter>
    </ClCompile>
    <ClCompile Include="..\3rd\imguiDocking\imgui.cpp">
      <Filter>3rd\imgui</Filter>
    </ClCompile>
    <ClCompile Include="..\3rd\imguiDocking\imgui_draw.cpp">
      <Filter>3rd\imgui</Filter>
    </ClCompile>
    <ClCompile Include="..\3rd\imguiDocking\imgui_impl_dx9.cpp">
      <Filter>3rd\imgui</Filter>
    </ClCompile>
    <ClCompile Include="..\3rd\imguiDocking\imgui_impl_win32.cpp">
      <Filter>3rd\imgui</Filter>
    </ClCompile>
    <ClCompile Include="..\3rd\imguiDocking\imgui_tables.cpp">
      <Filter>3rd\imgui</Filter>
    </ClCompile>
    <ClCompile Include="..\3rd\imguiDocking\imgui_widgets.cpp">
      <Filter>3rd\imgui</Filter>
    </ClCompile>
    <ClCompile Include="mainUI.cpp">
      <Filter>Исходные файлы\ui</Filter>
    </ClCompile>
    <ClCompile Include="toolRoutine.cpp">
      <Filter>Исходные файлы</Filter>
    </ClCompile>
    <ClCompile Include="managerG.cpp">
      <Filter>Исходные файлы\manager</Filter>
    </ClCompile>
    <ClCompile Include="managerGHelpers.cpp">
      <Filter>Исходные файлы\manager</Filter>
    </ClCompile>
    <ClCompile Include="gameSTDUI.cpp">
      <Filter>Исходные файлы\ui</Filter>
    </ClCompile>
    <ClCompile Include="gameStarter.cpp">
      <Filter>Исходные файлы\manager</Filter>
    </ClCompile>
    <ClCompile Include="modSettingsUI.cpp">
      <Filter>Исходные файлы\ui\mod settings</Filter>
    </ClCompile>
    <ClCompile Include="..\3rd\imguiDocking\imgui_stdlib.cpp">
      <Filter>3rd\imgui</Filter>
    </ClCompile>
    <ClCompile Include="..\3rd\imguiDocking\imgui_impl_glfw.cpp">
      <Filter>3rd\imgui</Filter>
    </ClCompile>
    <ClCompile Include="..\3rd\imguiDocking\imgui_impl_opengl2.cpp">
      <Filter>3rd\imgui</Filter>
    </ClCompile>
    <ClCompile Include="..\3rd\imguiDocking\imgui_md.cpp">
      <Filter>3rd\imgui</Filter>
    </ClCompile>
    <ClCompile Include="..\3rd\imguiDocking\md4c.c">
      <Filter>3rd\md4c</Filter>
    </ClCompile>
  </ItemGroup>
  <ItemGroup>
    <ClInclude Include="resource.h">
      <Filter>Файлы заголовков</Filter>
    </ClInclude>
    <ClInclude Include="..\3rd\imgui\imgui_markdown.h">
      <Filter>Файлы заголовков</Filter>
    </ClInclude>
    <ClInclude Include="headersSTD.h">
      <Filter>Файлы заголовков</Filter>
    </ClInclude>
    <ClInclude Include="aboutUI.h">
      <Filter>Исходные файлы\ui</Filter>
    </ClInclude>
    <ClInclude Include="aboutUIHelpers.h">
      <Filter>Исходные файлы\ui</Filter>
    </ClInclude>
    <ClInclude Include="helpers.h">
      <Filter>Исходные файлы\helpers</Filter>
    </ClInclude>
    <ClInclude Include="dataG.h">
      <Filter>Исходные файлы\data</Filter>
    </ClInclude>
    <ClInclude Include="..\3rd\imguiDocking\imconfig.h">
      <Filter>3rd\imgui</Filter>
    </ClInclude>
    <ClInclude Include="..\3rd\imguiDocking\imgui.h">
      <Filter>3rd\imgui</Filter>
    </ClInclude>
    <ClInclude Include="..\3rd\imguiDocking\imgui_impl_dx9.h">
      <Filter>3rd\imgui</Filter>
    </ClInclude>
    <ClInclude Include="..\3rd\imguiDocking\imgui_impl_win32.h">
      <Filter>3rd\imgui</Filter>
    </ClInclude>
    <ClInclude Include="..\3rd\imguiDocking\imgui_internal.h">
      <Filter>3rd\imgui</Filter>
    </ClInclude>
    <ClInclude Include="..\3rd\imguiDocking\imgui_markdown.h">
      <Filter>3rd\imgui</Filter>
    </ClInclude>
    <ClInclude Include="..\3rd\imguiDocking\imstb_rectpack.h">
      <Filter>3rd\imgui</Filter>
    </ClInclude>
    <ClInclude Include="..\3rd\imguiDocking\imstb_textedit.h">
      <Filter>3rd\imgui</Filter>
    </ClInclude>
    <ClInclude Include="..\3rd\imguiDocking\imstb_truetype.h">
      <Filter>3rd\imgui</Filter>
    </ClInclude>
    <ClInclude Include="mainUI.h">
      <Filter>Исходные файлы\ui</Filter>
    </ClInclude>
    <ClInclude Include="toolRoutine.h">
      <Filter>Исходные файлы</Filter>
    </ClInclude>
    <ClInclude Include="managerGHelpers.h">
      <Filter>Исходные файлы\manager</Filter>
    </ClInclude>
    <ClInclude Include="managerG.h">
      <Filter>Исходные файлы\manager</Filter>
    </ClInclude>
    <ClInclude Include="gameSTDUI.h">
      <Filter>Исходные файлы\ui</Filter>
    </ClInclude>
    <ClInclude Include="gameStarter.h">
      <Filter>Исходные файлы\manager</Filter>
    </ClInclude>
    <ClInclude Include="modSettingsUI.h">
      <Filter>Исходные файлы\ui\mod settings</Filter>
    </ClInclude>
    <ClInclude Include="..\3rd\imguiDocking\imgui_stdlib.h">
      <Filter>3rd\imgui</Filter>
    </ClInclude>
    <ClInclude Include="..\3rd\imguiDocking\imgui_impl_glfw.h">
      <Filter>3rd\imgui</Filter>
    </ClInclude>
    <ClInclude Include="..\3rd\imguiDocking\imgui_impl_opengl2.h">
      <Filter>3rd\imgui</Filter>
    </ClInclude>
    <ClInclude Include="..\3rd\imguiDocking\stb_image.h">
      <Filter>3rd\imgui</Filter>
    </ClInclude>
    <ClInclude Include="..\3rd\imguiDocking\imgui_md.h">
      <Filter>3rd\imgui</Filter>
    </ClInclude>
    <ClInclude Include="..\3rd\imguiDocking\md4c.h">
      <Filter>3rd\md4c</Filter>
    </ClInclude>
  </ItemGroup>
  <ItemGroup>
    <ResourceCompile Include="M2TWEOP GUI.rc">
      <Filter>Файлы ресурсов</Filter>
    </ResourceCompile>
  </ItemGroup>
  <ItemGroup>
    <Image Include="M2TWEOP.ico">
      <Filter>Файлы ресурсов</Filter>
    </Image>
  </ItemGroup>
  <ItemGroup>
    <Xml Include="manifest.xml" />
  </ItemGroup>
</Project>