<?xml version="1.0" encoding="utf-8"?>
<Project ToolsVersion="4.0" xmlns="http://schemas.microsoft.com/developer/msbuild/2003">
  <ItemGroup>
    <Filter Include="Исходные файлы">
      <UniqueIdentifier>{4FC737F1-C7A5-4376-A066-2A32D752A2FF}</UniqueIdentifier>
      <Extensions>cpp;c;cc;cxx;c++;cppm;ixx;def;odl;idl;hpj;bat;asm;asmx</Extensions>
    </Filter>
    <Filter Include="Файлы заголовков">
      <UniqueIdentifier>{93995380-89BD-4b04-88EB-625FBE52EBFB}</UniqueIdentifier>
      <Extensions>h;hh;hpp;hxx;h++;hm;inl;inc;ipp;xsd</Extensions>
    </Filter>
    <Filter Include="Файлы ресурсов">
      <UniqueIdentifier>{67DA6AB6-F800-4c08-8B7A-83BB121AAD01}</UniqueIdentifier>
      <Extensions>rc;ico;cur;bmp;dlg;rc2;rct;bin;rgs;gif;jpg;jpeg;jpe;resx;tiff;tif;png;wav;mfcribbon-ms</Extensions>
    </Filter>
    <Filter Include="3rd">
      <UniqueIdentifier>{7bd219bc-8b73-4b50-90fd-fd8f8fe0a97d}</UniqueIdentifier>
    </Filter>
    <Filter Include="3rd\ImGui">
      <UniqueIdentifier>{0244b6b4-7c7c-4627-a9d0-d268009b3f18}</UniqueIdentifier>
    </Filter>
    <Filter Include="Исходные файлы\GUI">
      <UniqueIdentifier>{5e43f6b1-4383-4a7e-822b-704c3d82b25d}</UniqueIdentifier>
    </Filter>
    <Filter Include="Исходные файлы\helpers">
      <UniqueIdentifier>{feef9727-1e3c-41df-8cae-d9ddf8342162}</UniqueIdentifier>
    </Filter>
    <Filter Include="Исходные файлы\data">
      <UniqueIdentifier>{0353de54-22ab-490d-9096-b4aa7e377f1d}</UniqueIdentifier>
    </Filter>
  </ItemGroup>
  <ItemGroup>
    <ClCompile Include="M2TWEOP tools.cpp">
      <Filter>Исходные файлы</Filter>
    </ClCompile>
    <ClCompile Include="..\3rd\imguiDocking\eopImgui.cpp">
      <Filter>3rd\ImGui</Filter>
    </ClCompile>
    <ClCompile Include="..\3rd\imguiDocking\imgui.cpp">
      <Filter>3rd\ImGui</Filter>
    </ClCompile>
    <ClCompile Include="..\3rd\imguiDocking\imgui_draw.cpp">
      <Filter>3rd\ImGui</Filter>
    </ClCompile>
    <ClCompile Include="..\3rd\imguiDocking\imgui_impl_opengl2.cpp">
      <Filter>3rd\ImGui</Filter>
    </ClCompile>
    <ClCompile Include="..\3rd\imguiDocking\imgui_impl_sdl.cpp">
      <Filter>3rd\ImGui</Filter>
    </ClCompile>
    <ClCompile Include="..\3rd\imguiDocking\imgui_impl_win32.cpp">
      <Filter>3rd\ImGui</Filter>
    </ClCompile>
    <ClCompile Include="..\3rd\imguiDocking\imgui_md.cpp">
      <Filter>3rd\ImGui</Filter>
    </ClCompile>
    <ClCompile Include="..\3rd\imguiDocking\imgui_stdlib.cpp">
      <Filter>3rd\ImGui</Filter>
    </ClCompile>
    <ClCompile Include="..\3rd\imguiDocking\imgui_tables.cpp">
      <Filter>3rd\ImGui</Filter>
    </ClCompile>
    <ClCompile Include="..\3rd\imguiDocking\imgui_widgets.cpp">
      <Filter>3rd\ImGui</Filter>
    </ClCompile>
    <ClCompile Include="..\3rd\imguiDocking\md4c.c">
      <Filter>3rd\ImGui</Filter>
    </ClCompile>
    <ClCompile Include="toolRoutine.cpp">
      <Filter>Исходные файлы</Filter>
    </ClCompile>
    <ClCompile Include="mainUI.cpp">
      <Filter>Исходные файлы\GUI</Filter>
    </ClCompile>
    <ClCompile Include="helpers.cpp">
      <Filter>Исходные файлы\helpers</Filter>
    </ClCompile>
    <ClCompile Include="dataG.cpp">
      <Filter>Исходные файлы\data</Filter>
    </ClCompile>
  </ItemGroup>
  <ItemGroup>
    <ClInclude Include="headersSTD.h">
      <Filter>Исходные файлы</Filter>
    </ClInclude>
    <ClInclude Include="..\3rd\imguiDocking\eopImgui.h">
      <Filter>3rd\ImGui</Filter>
    </ClInclude>
    <ClInclude Include="..\3rd\imguiDocking\imconfig.h">
      <Filter>3rd\ImGui</Filter>
    </ClInclude>
    <ClInclude Include="..\3rd\imguiDocking\imgui.h">
      <Filter>3rd\ImGui</Filter>
    </ClInclude>
    <ClInclude Include="..\3rd\imguiDocking\imgui_impl_opengl2.h">
      <Filter>3rd\ImGui</Filter>
    </ClInclude>
    <ClInclude Include="..\3rd\imguiDocking\imgui_impl_sdl.h">
      <Filter>3rd\ImGui</Filter>
    </ClInclude>
    <ClInclude Include="..\3rd\imguiDocking\imgui_impl_win32.h">
      <Filter>3rd\ImGui</Filter>
    </ClInclude>
    <ClInclude Include="..\3rd\imguiDocking\imgui_internal.h">
      <Filter>3rd\ImGui</Filter>
    </ClInclude>
    <ClInclude Include="..\3rd\imguiDocking\imgui_md.h">
      <Filter>3rd\ImGui</Filter>
    </ClInclude>
    <ClInclude Include="..\3rd\imguiDocking\imgui_stdlib.h">
      <Filter>3rd\ImGui</Filter>
    </ClInclude>
    <ClInclude Include="..\3rd\imguiDocking\imstb_rectpack.h">
      <Filter>3rd\ImGui</Filter>
    </ClInclude>
    <ClInclude Include="..\3rd\imguiDocking\imstb_textedit.h">
      <Filter>3rd\ImGui</Filter>
    </ClInclude>
    <ClInclude Include="..\3rd\imguiDocking\imstb_truetype.h">
      <Filter>3rd\ImGui</Filter>
    </ClInclude>
    <ClInclude Include="..\3rd\imguiDocking\md4c.h">
      <Filter>3rd\ImGui</Filter>
    </ClInclude>
    <ClInclude Include="..\3rd\imguiDocking\stb_image.h">
      <Filter>3rd\ImGui</Filter>
    </ClInclude>
    <ClInclude Include="toolRoutine.h">
      <Filter>Файлы заголовков</Filter>
    </ClInclude>
    <ClInclude Include="mainUI.h">
      <Filter>Исходные файлы\GUI</Filter>
    </ClInclude>
    <ClInclude Include="helpers.h">
      <Filter>Исходные файлы\helpers</Filter>
    </ClInclude>
    <ClInclude Include="dataG.h">
      <Filter>Исходные файлы\data</Filter>
    </ClInclude>
  </ItemGroup>
  <ItemGroup>
    <None Include="..\3rd\imguiDocking\imguiDocking.7z">
      <Filter>3rd\ImGui</Filter>
    </None>
  </ItemGroup>
  <ItemGroup>
    <Xml Include="manifest.xml">
      <Filter>Файлы ресурсов</Filter>
    </Xml>
  </ItemGroup>
</Project>